
Microsoft Visual Studio Solution File, Format Version 12.00
# Visual Studio 15
Project("{FAE04EC0-301F-11D3-BF4B-00C04F79EFBC}") = "Oculus.Interaction.Editor", "Oculus.Interaction.Editor.csproj", "{4C566D2E-0B17-0692-ABD0-90C43131277C}"
EndProject
Project("{FAE04EC0-301F-11D3-BF4B-00C04F79EFBC}") = "Assembly-CSharp", "Assembly-CSharp.csproj", "{4CA4B084-1B00-DCE2-EFEE-E0BB4734952C}"
EndProject
Project("{FAE04EC0-301F-11D3-BF4B-00C04F79EFBC}") = "Oculus.VR", "Oculus.VR.csproj", "{505582C8-35B0-D2BE-D643-8D847707B7A2}"
EndProject
Project("{FAE04EC0-301F-11D3-BF4B-00C04F79EFBC}") = "Oculus.Interaction", "Oculus.Interaction.csproj", "{56BCFA08-8B3D-8C1E-893E-E36EDE2AD7FC}"
EndProject
Project("{FAE04EC0-301F-11D3-BF4B-00C04F79EFBC}") = "Meta.WitAi.Conduit", "Meta.WitAi.Conduit.csproj", "{C41FA223-3FFE-A8AF-8DBF-9E0E5C257F48}"
EndProject
Project("{FAE04EC0-301F-11D3-BF4B-00C04F79EFBC}") = "Meta.Voice.Samples.ShapesConduit", "Meta.Voice.Samples.ShapesConduit.csproj", "{7A8173A4-6F76-2E51-4A47-43FC2218765D}"
EndProject
Project("{FAE04EC0-301F-11D3-BF4B-00C04F79EFBC}") = "Meta.WitAi.Editor", "Meta.WitAi.Editor.csproj", "{8A19AEB6-4A01-86BF-B8D0-C4842BD4E90A}"
EndProject
Project("{FAE04EC0-301F-11D3-BF4B-00C04F79EFBC}") = "Oculus.Platform", "Oculus.Platform.csproj", "{DDFCD5A2-6CC3-E222-7100-E76F6E2F3FE4}"
EndProject
Project("{FAE04EC0-301F-11D3-BF4B-00C04F79EFBC}") = "VoiceSDK.Telemetry", "VoiceSDK.Telemetry.csproj", "{D081D901-4CAD-C1FB-B1B6-A4BF9C80F832}"
EndProject
Project("{FAE04EC0-301F-11D3-BF4B-00C04F79EFBC}") = "Meta.WitAi.Conduit.Editor", "Meta.WitAi.Conduit.Editor.csproj", "{40E85D8F-3C85-408E-C7B4-09EE33B6F0F7}"
EndProject
Project("{FAE04EC0-301F-11D3-BF4B-00C04F79EFBC}") = "Meta.WitAi", "Meta.WitAi.csproj", "{254269E9-D3BB-4319-1A0D-B805F4A37A5D}"
EndProject
Project("{FAE04EC0-301F-11D3-BF4B-00C04F79EFBC}") = "Oculus.Interaction.OVR.Samples", "Oculus.Interaction.OVR.Samples.csproj", "{9380FB25-8B2F-13A2-0883-B49A34BF8BE3}"
EndProject
Project("{FAE04EC0-301F-11D3-BF4B-00C04F79EFBC}") = "Meta.WitAi.Lib", "Meta.WitAi.Lib.csproj", "{9D368D59-3FB7-1607-1870-FD649066F03F}"
EndProject
Project("{FAE04EC0-301F-11D3-BF4B-00C04F79EFBC}") = "Oculus.VR.Editor", "Oculus.VR.Editor.csproj", "{F4CDBCC3-D54B-EE80-5A36-F4D9F093BF7C}"
EndProject
Project("{FAE04EC0-301F-11D3-BF4B-00C04F79EFBC}") = "Meta.Voice.Hub.Runtime", "Meta.Voice.Hub.Runtime.csproj", "{6C79A7B6-DDEF-404E-D8CB-C94FE1BF0FA2}"
EndProject
Project("{FAE04EC0-301F-11D3-BF4B-00C04F79EFBC}") = "Oculus.Interaction.OVR.Editor", "Oculus.Interaction.OVR.Editor.csproj", "{29DFF560-0B72-1F6C-0AD2-F2D7BE04CB2E}"
EndProject
Project("{FAE04EC0-301F-11D3-BF4B-00C04F79EFBC}") = "VoiceSDK.Dictation.Runtime", "VoiceSDK.Dictation.Runtime.csproj", "{24547351-A734-FF40-D248-366ED07E6D7D}"
EndProject
Project("{FAE04EC0-301F-11D3-BF4B-00C04F79EFBC}") = "Oculus.LipSync", "Oculus.LipSync.csproj", "{A9879477-51DF-6CB1-0138-200625AA2048}"
EndProject
Project("{FAE04EC0-301F-11D3-BF4B-00C04F79EFBC}") = "Oculus.Interaction.OVR", "Oculus.Interaction.OVR.csproj", "{DFF53288-A385-491B-817A-497F1ADA0801}"
EndProject
Project("{FAE04EC0-301F-11D3-BF4B-00C04F79EFBC}") = "Meta.Voice.Hub.Editor", "Meta.Voice.Hub.Editor.csproj", "{70164A70-8F18-5610-9151-B3CAF516B45A}"
EndProject
Project("{FAE04EC0-301F-11D3-BF4B-00C04F79EFBC}") = "VoiceSDK.Editor", "VoiceSDK.Editor.csproj", "{1CE50E63-70A7-E2B7-25F7-B32E82CF932B}"
EndProject
Project("{FAE04EC0-301F-11D3-BF4B-00C04F79EFBC}") = "Meta.WitAI.Lib.Editor", "Meta.WitAI.Lib.Editor.csproj", "{C9FA7675-54CA-79AF-3447-F7C304F8AFA6}"
EndProject
Project("{FAE04EC0-301F-11D3-BF4B-00C04F79EFBC}") = "Oculus.Spatializer.Editor", "Oculus.Spatializer.Editor.csproj", "{307153C7-A2FC-CFD9-2FD5-FBFE4670BCF6}"
EndProject
Project("{FAE04EC0-301F-11D3-BF4B-00C04F79EFBC}") = "AssistantCoreSDKRuntime", "AssistantCoreSDKRuntime.csproj", "{D766832C-1AAF-35CF-A8E6-0DD6868FB2F3}"
EndProject
Project("{FAE04EC0-301F-11D3-BF4B-00C04F79EFBC}") = "Oculus.AudioManager", "Oculus.AudioManager.csproj", "{13E9BFEA-8ABE-F773-B531-3B703489E807}"
EndProject
Project("{FAE04EC0-301F-11D3-BF4B-00C04F79EFBC}") = "VoiceSDK.Runtime", "VoiceSDK.Runtime.csproj", "{52DB1D98-3871-F03A-091D-1768F4A53518}"
EndProject
Project("{FAE04EC0-301F-11D3-BF4B-00C04F79EFBC}") = "Facebook.Wit.Dictation", "Facebook.Wit.Dictation.csproj", "{F082503B-F48F-19BD-2C07-D6CF426D2865}"
EndProject
Project("{FAE04EC0-301F-11D3-BF4B-00C04F79EFBC}") = "Meta.Voice.Samples.BuiltInTimer", "Meta.Voice.Samples.BuiltInTimer.csproj", "{DAD4F200-4D9D-9EF3-230B-2009D0627F73}"
EndProject
Project("{FAE04EC0-301F-11D3-BF4B-00C04F79EFBC}") = "Oculus.Platform.Editor", "Oculus.Platform.Editor.csproj", "{E0371713-49AC-F018-1CD9-E4FE94D12435}"
EndProject
Project("{FAE04EC0-301F-11D3-BF4B-00C04F79EFBC}") = "Meta.XR.BuildingBlocks.Editor", "Meta.XR.BuildingBlocks.Editor.csproj", "{5B1FC0E2-E9B7-4D52-2A8B-14C0D0F13356}"
EndProject
Project("{FAE04EC0-301F-11D3-BF4B-00C04F79EFBC}") = "Meta.Voice.Samples.TTSVoices", "Meta.Voice.Samples.TTSVoices.csproj", "{B2D6E55B-261D-89A8-C942-D7D3FD67419E}"
EndProject
Project("{FAE04EC0-301F-11D3-BF4B-00C04F79EFBC}") = "Meta.Voice.VSDKHub.Editor", "Meta.Voice.VSDKHub.Editor.csproj", "{000E8C0D-E63B-AC0B-3B04-A87ADD1C1F02}"
EndProject
Project("{FAE04EC0-301F-11D3-BF4B-00C04F79EFBC}") = "Meta.WitAi.TTS", "Meta.WitAi.TTS.csproj", "{61D6E5CA-9274-4052-E4C4-470F55A7631A}"
EndProject
Project("{FAE04EC0-301F-11D3-BF4B-00C04F79EFBC}") = "Oculus.AudioManager.Audio.Editor", "Oculus.AudioManager.Audio.Editor.csproj", "{B6C498A4-A683-2F6C-34CE-750C12F9CE42}"
EndProject
Project("{FAE04EC0-301F-11D3-BF4B-00C04F79EFBC}") = "Assembly-CSharp-Editor", "Assembly-CSharp-Editor.csproj", "{9BD1E132-E814-A824-E361-0CFFD44BBA5B}"
EndProject
Project("{FAE04EC0-301F-11D3-BF4B-00C04F79EFBC}") = "Meta.Voice.Samples.Chess", "Meta.Voice.Samples.Chess.csproj", "{FA64133D-1FD2-DE3C-144D-C53377EADF8C}"
EndProject
Project("{FAE04EC0-301F-11D3-BF4B-00C04F79EFBC}") = "Oculus.VR.Scripts.Editor", "Oculus.VR.Scripts.Editor.csproj", "{9E21563E-F144-C220-BDD9-84A1EA5CF1C7}"
EndProject
Project("{FAE04EC0-301F-11D3-BF4B-00C04F79EFBC}") = "Meta.Voice.Samples.LightTraits", "Meta.Voice.Samples.LightTraits.csproj", "{B32F6C25-E96D-D1FB-C625-14DD26FA4B9D}"
EndProject
Project("{FAE04EC0-301F-11D3-BF4B-00C04F79EFBC}") = "Meta.Voice.Samples.Dictation", "Meta.Voice.Samples.Dictation.csproj", "{E06A76DB-9735-8311-A667-CB62AC86BC82}"
EndProject
Project("{FAE04EC0-301F-11D3-BF4B-00C04F79EFBC}") = "Meta.Voice.Samples.Shapes", "Meta.Voice.Samples.Shapes.csproj", "{A0D2585C-A514-71A5-DDDF-152ADE3EBB62}"
EndProject
Project("{FAE04EC0-301F-11D3-BF4B-00C04F79EFBC}") = "Oculus.Interaction.Samples.Editor", "Oculus.Interaction.Samples.Editor.csproj", "{6D6E3A1C-C8E5-31ED-B09A-C58DB38019EF}"
EndProject
Project("{FAE04EC0-301F-11D3-BF4B-00C04F79EFBC}") = "Meta.WitAi.TTS.Editor", "Meta.WitAi.TTS.Editor.csproj", "{625CBFD6-D370-8B01-5A89-D3E301D64114}"
EndProject
Project("{FAE04EC0-301F-11D3-BF4B-00C04F79EFBC}") = "Meta.XR.BuildingBlocks", "Meta.XR.BuildingBlocks.csproj", "{E80C80C7-A30E-FA19-08BF-454197783C12}"
EndProject
Project("{FAE04EC0-301F-11D3-BF4B-00C04F79EFBC}") = "Oculus.Spatializer", "Oculus.Spatializer.csproj", "{BCC208E9-89DF-C881-93C4-D0074966CFB3}"
EndProject
Project("{FAE04EC0-301F-11D3-BF4B-00C04F79EFBC}") = "Oculus.LipSync.Editor", "Oculus.LipSync.Editor.csproj", "{5D69DBC7-1081-8AD2-3911-A9C913FB99E8}"
EndProject
Project("{FAE04EC0-301F-11D3-BF4B-00C04F79EFBC}") = "Oculus.AudioManager.Utils.Editor", "Oculus.AudioManager.Utils.Editor.csproj", "{E739C520-FE55-4142-D37F-0B99617CECEF}"
EndProject
Project("{FAE04EC0-301F-11D3-BF4B-00C04F79EFBC}") = "Meta.VoiceSDK.Mic.Common", "Meta.VoiceSDK.Mic.Common.csproj", "{50A6D9AE-F610-89AD-0FAA-2115A53F5D48}"
EndProject
Project("{FAE04EC0-301F-11D3-BF4B-00C04F79EFBC}") = "VoiceSDK.Dictation.Editor", "VoiceSDK.Dictation.Editor.csproj", "{A631BF0A-2864-BE95-257D-BEF3AFA5DC20}"
EndProject
Project("{FAE04EC0-301F-11D3-BF4B-00C04F79EFBC}") = "Meta.VoiceSDK.Mic.Other", "Meta.VoiceSDK.Mic.Other.csproj", "{B7A99DA3-A7AE-793F-43DD-4CFC9D8C80F0}"
EndProject
Project("{FAE04EC0-301F-11D3-BF4B-00C04F79EFBC}") = "AssistantCoreSDKEditor", "AssistantCoreSDKEditor.csproj", "{C01BC0B8-004B-1D5E-9D7C-FF33BE662CA1}"
EndProject
Project("{FAE04EC0-301F-11D3-BF4B-00C04F79EFBC}") = "Oculus.Interaction.InterfaceSupport", "Oculus.Interaction.InterfaceSupport.csproj", "{DF38BADC-3560-D2F9-BDC9-B5A3C9CB87EA}"
EndProject
Project("{FAE04EC0-301F-11D3-BF4B-00C04F79EFBC}") = "Meta.Voice.Samples.LiveUnderstanding", "Meta.Voice.Samples.LiveUnderstanding.csproj", "{42C8D34B-6F3D-310D-19B9-9D6E8D8D8B7A}"
EndProject
Project("{FAE04EC0-301F-11D3-BF4B-00C04F79EFBC}") = "Facebook.Wit.Dictation.Editor", "Facebook.Wit.Dictation.Editor.csproj", "{AB98D9B7-4257-8A36-4AE4-A84CEA41ACA3}"
EndProject
Project("{FAE04EC0-301F-11D3-BF4B-00C04F79EFBC}") = "Meta.VoiceSDK.Mic.WebGL", "Meta.VoiceSDK.Mic.WebGL.csproj", "{D3462A5F-D52B-A825-F428-366220F77682}"
EndProject
Global
	GlobalSection(SolutionConfigurationPlatforms) = preSolution
		Debug|Any CPU = Debug|Any CPU
		Release|Any CPU = Release|Any CPU
	EndGlobalSection
	GlobalSection(ProjectConfigurationPlatforms) = postSolution
		{4C566D2E-0B17-0692-ABD0-90C43131277C}.Debug|Any CPU.ActiveCfg = Debug|Any CPU
		{4C566D2E-0B17-0692-ABD0-90C43131277C}.Debug|Any CPU.Build.0 = Debug|Any CPU
		{4C566D2E-0B17-0692-ABD0-90C43131277C}.Release|Any CPU.ActiveCfg = Release|Any CPU
		{4C566D2E-0B17-0692-ABD0-90C43131277C}.Release|Any CPU.Build.0 = Release|Any CPU
		{4CA4B084-1B00-DCE2-EFEE-E0BB4734952C}.Debug|Any CPU.ActiveCfg = Debug|Any CPU
		{4CA4B084-1B00-DCE2-EFEE-E0BB4734952C}.Debug|Any CPU.Build.0 = Debug|Any CPU
		{4CA4B084-1B00-DCE2-EFEE-E0BB4734952C}.Release|Any CPU.ActiveCfg = Release|Any CPU
		{4CA4B084-1B00-DCE2-EFEE-E0BB4734952C}.Release|Any CPU.Build.0 = Release|Any CPU
		{505582C8-35B0-D2BE-D643-8D847707B7A2}.Debug|Any CPU.ActiveCfg = Debug|Any CPU
		{505582C8-35B0-D2BE-D643-8D847707B7A2}.Debug|Any CPU.Build.0 = Debug|Any CPU
		{505582C8-35B0-D2BE-D643-8D847707B7A2}.Release|Any CPU.ActiveCfg = Release|Any CPU
		{505582C8-35B0-D2BE-D643-8D847707B7A2}.Release|Any CPU.Build.0 = Release|Any CPU
		{56BCFA08-8B3D-8C1E-893E-E36EDE2AD7FC}.Debug|Any CPU.ActiveCfg = Debug|Any CPU
		{56BCFA08-8B3D-8C1E-893E-E36EDE2AD7FC}.Debug|Any CPU.Build.0 = Debug|Any CPU
		{56BCFA08-8B3D-8C1E-893E-E36EDE2AD7FC}.Release|Any CPU.ActiveCfg = Release|Any CPU
		{56BCFA08-8B3D-8C1E-893E-E36EDE2AD7FC}.Release|Any CPU.Build.0 = Release|Any CPU
		{C41FA223-3FFE-A8AF-8DBF-9E0E5C257F48}.Debug|Any CPU.ActiveCfg = Debug|Any CPU
		{C41FA223-3FFE-A8AF-8DBF-9E0E5C257F48}.Debug|Any CPU.Build.0 = Debug|Any CPU
		{C41FA223-3FFE-A8AF-8DBF-9E0E5C257F48}.Release|Any CPU.ActiveCfg = Release|Any CPU
		{C41FA223-3FFE-A8AF-8DBF-9E0E5C257F48}.Release|Any CPU.Build.0 = Release|Any CPU
		{7A8173A4-6F76-2E51-4A47-43FC2218765D}.Debug|Any CPU.ActiveCfg = Debug|Any CPU
		{7A8173A4-6F76-2E51-4A47-43FC2218765D}.Debug|Any CPU.Build.0 = Debug|Any CPU
		{7A8173A4-6F76-2E51-4A47-43FC2218765D}.Release|Any CPU.ActiveCfg = Release|Any CPU
		{7A8173A4-6F76-2E51-4A47-43FC2218765D}.Release|Any CPU.Build.0 = Release|Any CPU
		{8A19AEB6-4A01-86BF-B8D0-C4842BD4E90A}.Debug|Any CPU.ActiveCfg = Debug|Any CPU
		{8A19AEB6-4A01-86BF-B8D0-C4842BD4E90A}.Debug|Any CPU.Build.0 = Debug|Any CPU
		{8A19AEB6-4A01-86BF-B8D0-C4842BD4E90A}.Release|Any CPU.ActiveCfg = Release|Any CPU
		{8A19AEB6-4A01-86BF-B8D0-C4842BD4E90A}.Release|Any CPU.Build.0 = Release|Any CPU
		{DDFCD5A2-6CC3-E222-7100-E76F6E2F3FE4}.Debug|Any CPU.ActiveCfg = Debug|Any CPU
		{DDFCD5A2-6CC3-E222-7100-E76F6E2F3FE4}.Debug|Any CPU.Build.0 = Debug|Any CPU
		{DDFCD5A2-6CC3-E222-7100-E76F6E2F3FE4}.Release|Any CPU.ActiveCfg = Release|Any CPU
		{DDFCD5A2-6CC3-E222-7100-E76F6E2F3FE4}.Release|Any CPU.Build.0 = Release|Any CPU
		{D081D901-4CAD-C1FB-B1B6-A4BF9C80F832}.Debug|Any CPU.ActiveCfg = Debug|Any CPU
		{D081D901-4CAD-C1FB-B1B6-A4BF9C80F832}.Debug|Any CPU.Build.0 = Debug|Any CPU
		{D081D901-4CAD-C1FB-B1B6-A4BF9C80F832}.Release|Any CPU.ActiveCfg = Release|Any CPU
		{D081D901-4CAD-C1FB-B1B6-A4BF9C80F832}.Release|Any CPU.Build.0 = Release|Any CPU
		{40E85D8F-3C85-408E-C7B4-09EE33B6F0F7}.Debug|Any CPU.ActiveCfg = Debug|Any CPU
		{40E85D8F-3C85-408E-C7B4-09EE33B6F0F7}.Debug|Any CPU.Build.0 = Debug|Any CPU
		{40E85D8F-3C85-408E-C7B4-09EE33B6F0F7}.Release|Any CPU.ActiveCfg = Release|Any CPU
		{40E85D8F-3C85-408E-C7B4-09EE33B6F0F7}.Release|Any CPU.Build.0 = Release|Any CPU
		{254269E9-D3BB-4319-1A0D-B805F4A37A5D}.Debug|Any CPU.ActiveCfg = Debug|Any CPU
		{254269E9-D3BB-4319-1A0D-B805F4A37A5D}.Debug|Any CPU.Build.0 = Debug|Any CPU
		{254269E9-D3BB-4319-1A0D-B805F4A37A5D}.Release|Any CPU.ActiveCfg = Release|Any CPU
		{254269E9-D3BB-4319-1A0D-B805F4A37A5D}.Release|Any CPU.Build.0 = Release|Any CPU
		{9380FB25-8B2F-13A2-0883-B49A34BF8BE3}.Debug|Any CPU.ActiveCfg = Debug|Any CPU
		{9380FB25-8B2F-13A2-0883-B49A34BF8BE3}.Debug|Any CPU.Build.0 = Debug|Any CPU
		{9380FB25-8B2F-13A2-0883-B49A34BF8BE3}.Release|Any CPU.ActiveCfg = Release|Any CPU
		{9380FB25-8B2F-13A2-0883-B49A34BF8BE3}.Release|Any CPU.Build.0 = Release|Any CPU
		{9D368D59-3FB7-1607-1870-FD649066F03F}.Debug|Any CPU.ActiveCfg = Debug|Any CPU
		{9D368D59-3FB7-1607-1870-FD649066F03F}.Debug|Any CPU.Build.0 = Debug|Any CPU
		{9D368D59-3FB7-1607-1870-FD649066F03F}.Release|Any CPU.ActiveCfg = Release|Any CPU
		{9D368D59-3FB7-1607-1870-FD649066F03F}.Release|Any CPU.Build.0 = Release|Any CPU
		{F4CDBCC3-D54B-EE80-5A36-F4D9F093BF7C}.Debug|Any CPU.ActiveCfg = Debug|Any CPU
		{F4CDBCC3-D54B-EE80-5A36-F4D9F093BF7C}.Debug|Any CPU.Build.0 = Debug|Any CPU
		{F4CDBCC3-D54B-EE80-5A36-F4D9F093BF7C}.Release|Any CPU.ActiveCfg = Release|Any CPU
		{F4CDBCC3-D54B-EE80-5A36-F4D9F093BF7C}.Release|Any CPU.Build.0 = Release|Any CPU
		{6C79A7B6-DDEF-404E-D8CB-C94FE1BF0FA2}.Debug|Any CPU.ActiveCfg = Debug|Any CPU
		{6C79A7B6-DDEF-404E-D8CB-C94FE1BF0FA2}.Debug|Any CPU.Build.0 = Debug|Any CPU
		{6C79A7B6-DDEF-404E-D8CB-C94FE1BF0FA2}.Release|Any CPU.ActiveCfg = Release|Any CPU
		{6C79A7B6-DDEF-404E-D8CB-C94FE1BF0FA2}.Release|Any CPU.Build.0 = Release|Any CPU
		{29DFF560-0B72-1F6C-0AD2-F2D7BE04CB2E}.Debug|Any CPU.ActiveCfg = Debug|Any CPU
		{29DFF560-0B72-1F6C-0AD2-F2D7BE04CB2E}.Debug|Any CPU.Build.0 = Debug|Any CPU
		{29DFF560-0B72-1F6C-0AD2-F2D7BE04CB2E}.Release|Any CPU.ActiveCfg = Release|Any CPU
		{29DFF560-0B72-1F6C-0AD2-F2D7BE04CB2E}.Release|Any CPU.Build.0 = Release|Any CPU
		{24547351-A734-FF40-D248-366ED07E6D7D}.Debug|Any CPU.ActiveCfg = Debug|Any CPU
		{24547351-A734-FF40-D248-366ED07E6D7D}.Debug|Any CPU.Build.0 = Debug|Any CPU
		{24547351-A734-FF40-D248-366ED07E6D7D}.Release|Any CPU.ActiveCfg = Release|Any CPU
		{24547351-A734-FF40-D248-366ED07E6D7D}.Release|Any CPU.Build.0 = Release|Any CPU
		{A9879477-51DF-6CB1-0138-200625AA2048}.Debug|Any CPU.ActiveCfg = Debug|Any CPU
		{A9879477-51DF-6CB1-0138-200625AA2048}.Debug|Any CPU.Build.0 = Debug|Any CPU
		{A9879477-51DF-6CB1-0138-200625AA2048}.Release|Any CPU.ActiveCfg = Release|Any CPU
		{A9879477-51DF-6CB1-0138-200625AA2048}.Release|Any CPU.Build.0 = Release|Any CPU
		{DFF53288-A385-491B-817A-497F1ADA0801}.Debug|Any CPU.ActiveCfg = Debug|Any CPU
		{DFF53288-A385-491B-817A-497F1ADA0801}.Debug|Any CPU.Build.0 = Debug|Any CPU
		{DFF53288-A385-491B-817A-497F1ADA0801}.Release|Any CPU.ActiveCfg = Release|Any CPU
		{DFF53288-A385-491B-817A-497F1ADA0801}.Release|Any CPU.Build.0 = Release|Any CPU
		{70164A70-8F18-5610-9151-B3CAF516B45A}.Debug|Any CPU.ActiveCfg = Debug|Any CPU
		{70164A70-8F18-5610-9151-B3CAF516B45A}.Debug|Any CPU.Build.0 = Debug|Any CPU
		{70164A70-8F18-5610-9151-B3CAF516B45A}.Release|Any CPU.ActiveCfg = Release|Any CPU
		{70164A70-8F18-5610-9151-B3CAF516B45A}.Release|Any CPU.Build.0 = Release|Any CPU
		{1CE50E63-70A7-E2B7-25F7-B32E82CF932B}.Debug|Any CPU.ActiveCfg = Debug|Any CPU
		{1CE50E63-70A7-E2B7-25F7-B32E82CF932B}.Debug|Any CPU.Build.0 = Debug|Any CPU
		{1CE50E63-70A7-E2B7-25F7-B32E82CF932B}.Release|Any CPU.ActiveCfg = Release|Any CPU
		{1CE50E63-70A7-E2B7-25F7-B32E82CF932B}.Release|Any CPU.Build.0 = Release|Any CPU
		{C9FA7675-54CA-79AF-3447-F7C304F8AFA6}.Debug|Any CPU.ActiveCfg = Debug|Any CPU
		{C9FA7675-54CA-79AF-3447-F7C304F8AFA6}.Debug|Any CPU.Build.0 = Debug|Any CPU
		{C9FA7675-54CA-79AF-3447-F7C304F8AFA6}.Release|Any CPU.ActiveCfg = Release|Any CPU
		{C9FA7675-54CA-79AF-3447-F7C304F8AFA6}.Release|Any CPU.Build.0 = Release|Any CPU
		{307153C7-A2FC-CFD9-2FD5-FBFE4670BCF6}.Debug|Any CPU.ActiveCfg = Debug|Any CPU
		{307153C7-A2FC-CFD9-2FD5-FBFE4670BCF6}.Debug|Any CPU.Build.0 = Debug|Any CPU
		{307153C7-A2FC-CFD9-2FD5-FBFE4670BCF6}.Release|Any CPU.ActiveCfg = Release|Any CPU
		{307153C7-A2FC-CFD9-2FD5-FBFE4670BCF6}.Release|Any CPU.Build.0 = Release|Any CPU
		{D766832C-1AAF-35CF-A8E6-0DD6868FB2F3}.Debug|Any CPU.ActiveCfg = Debug|Any CPU
		{D766832C-1AAF-35CF-A8E6-0DD6868FB2F3}.Debug|Any CPU.Build.0 = Debug|Any CPU
		{D766832C-1AAF-35CF-A8E6-0DD6868FB2F3}.Release|Any CPU.ActiveCfg = Release|Any CPU
		{D766832C-1AAF-35CF-A8E6-0DD6868FB2F3}.Release|Any CPU.Build.0 = Release|Any CPU
		{13E9BFEA-8ABE-F773-B531-3B703489E807}.Debug|Any CPU.ActiveCfg = Debug|Any CPU
		{13E9BFEA-8ABE-F773-B531-3B703489E807}.Debug|Any CPU.Build.0 = Debug|Any CPU
		{13E9BFEA-8ABE-F773-B531-3B703489E807}.Release|Any CPU.ActiveCfg = Release|Any CPU
		{13E9BFEA-8ABE-F773-B531-3B703489E807}.Release|Any CPU.Build.0 = Release|Any CPU
		{52DB1D98-3871-F03A-091D-1768F4A53518}.Debug|Any CPU.ActiveCfg = Debug|Any CPU
		{52DB1D98-3871-F03A-091D-1768F4A53518}.Debug|Any CPU.Build.0 = Debug|Any CPU
		{52DB1D98-3871-F03A-091D-1768F4A53518}.Release|Any CPU.ActiveCfg = Release|Any CPU
		{52DB1D98-3871-F03A-091D-1768F4A53518}.Release|Any CPU.Build.0 = Release|Any CPU
		{F082503B-F48F-19BD-2C07-D6CF426D2865}.Debug|Any CPU.ActiveCfg = Debug|Any CPU
		{F082503B-F48F-19BD-2C07-D6CF426D2865}.Debug|Any CPU.Build.0 = Debug|Any CPU
		{F082503B-F48F-19BD-2C07-D6CF426D2865}.Release|Any CPU.ActiveCfg = Release|Any CPU
		{F082503B-F48F-19BD-2C07-D6CF426D2865}.Release|Any CPU.Build.0 = Release|Any CPU
		{DAD4F200-4D9D-9EF3-230B-2009D0627F73}.Debug|Any CPU.ActiveCfg = Debug|Any CPU
		{DAD4F200-4D9D-9EF3-230B-2009D0627F73}.Debug|Any CPU.Build.0 = Debug|Any CPU
		{DAD4F200-4D9D-9EF3-230B-2009D0627F73}.Release|Any CPU.ActiveCfg = Release|Any CPU
		{DAD4F200-4D9D-9EF3-230B-2009D0627F73}.Release|Any CPU.Build.0 = Release|Any CPU
		{E0371713-49AC-F018-1CD9-E4FE94D12435}.Debug|Any CPU.ActiveCfg = Debug|Any CPU
		{E0371713-49AC-F018-1CD9-E4FE94D12435}.Debug|Any CPU.Build.0 = Debug|Any CPU
		{E0371713-49AC-F018-1CD9-E4FE94D12435}.Release|Any CPU.ActiveCfg = Release|Any CPU
		{E0371713-49AC-F018-1CD9-E4FE94D12435}.Release|Any CPU.Build.0 = Release|Any CPU
		{5B1FC0E2-E9B7-4D52-2A8B-14C0D0F13356}.Debug|Any CPU.ActiveCfg = Debug|Any CPU
		{5B1FC0E2-E9B7-4D52-2A8B-14C0D0F13356}.Debug|Any CPU.Build.0 = Debug|Any CPU
		{5B1FC0E2-E9B7-4D52-2A8B-14C0D0F13356}.Release|Any CPU.ActiveCfg = Release|Any CPU
		{5B1FC0E2-E9B7-4D52-2A8B-14C0D0F13356}.Release|Any CPU.Build.0 = Release|Any CPU
		{B2D6E55B-261D-89A8-C942-D7D3FD67419E}.Debug|Any CPU.ActiveCfg = Debug|Any CPU
		{B2D6E55B-261D-89A8-C942-D7D3FD67419E}.Debug|Any CPU.Build.0 = Debug|Any CPU
		{B2D6E55B-261D-89A8-C942-D7D3FD67419E}.Release|Any CPU.ActiveCfg = Release|Any CPU
		{B2D6E55B-261D-89A8-C942-D7D3FD67419E}.Release|Any CPU.Build.0 = Release|Any CPU
		{000E8C0D-E63B-AC0B-3B04-A87ADD1C1F02}.Debug|Any CPU.ActiveCfg = Debug|Any CPU
		{000E8C0D-E63B-AC0B-3B04-A87ADD1C1F02}.Debug|Any CPU.Build.0 = Debug|Any CPU
		{000E8C0D-E63B-AC0B-3B04-A87ADD1C1F02}.Release|Any CPU.ActiveCfg = Release|Any CPU
		{000E8C0D-E63B-AC0B-3B04-A87ADD1C1F02}.Release|Any CPU.Build.0 = Release|Any CPU
		{61D6E5CA-9274-4052-E4C4-470F55A7631A}.Debug|Any CPU.ActiveCfg = Debug|Any CPU
		{61D6E5CA-9274-4052-E4C4-470F55A7631A}.Debug|Any CPU.Build.0 = Debug|Any CPU
		{61D6E5CA-9274-4052-E4C4-470F55A7631A}.Release|Any CPU.ActiveCfg = Release|Any CPU
		{61D6E5CA-9274-4052-E4C4-470F55A7631A}.Release|Any CPU.Build.0 = Release|Any CPU
		{B6C498A4-A683-2F6C-34CE-750C12F9CE42}.Debug|Any CPU.ActiveCfg = Debug|Any CPU
		{B6C498A4-A683-2F6C-34CE-750C12F9CE42}.Debug|Any CPU.Build.0 = Debug|Any CPU
		{B6C498A4-A683-2F6C-34CE-750C12F9CE42}.Release|Any CPU.ActiveCfg = Release|Any CPU
		{B6C498A4-A683-2F6C-34CE-750C12F9CE42}.Release|Any CPU.Build.0 = Release|Any CPU
		{9BD1E132-E814-A824-E361-0CFFD44BBA5B}.Debug|Any CPU.ActiveCfg = Debug|Any CPU
		{9BD1E132-E814-A824-E361-0CFFD44BBA5B}.Debug|Any CPU.Build.0 = Debug|Any CPU
		{9BD1E132-E814-A824-E361-0CFFD44BBA5B}.Release|Any CPU.ActiveCfg = Release|Any CPU
		{9BD1E132-E814-A824-E361-0CFFD44BBA5B}.Release|Any CPU.Build.0 = Release|Any CPU
		{FA64133D-1FD2-DE3C-144D-C53377EADF8C}.Debug|Any CPU.ActiveCfg = Debug|Any CPU
		{FA64133D-1FD2-DE3C-144D-C53377EADF8C}.Debug|Any CPU.Build.0 = Debug|Any CPU
		{FA64133D-1FD2-DE3C-144D-C53377EADF8C}.Release|Any CPU.ActiveCfg = Release|Any CPU
		{FA64133D-1FD2-DE3C-144D-C53377EADF8C}.Release|Any CPU.Build.0 = Release|Any CPU
		{9E21563E-F144-C220-BDD9-84A1EA5CF1C7}.Debug|Any CPU.ActiveCfg = Debug|Any CPU
		{9E21563E-F144-C220-BDD9-84A1EA5CF1C7}.Debug|Any CPU.Build.0 = Debug|Any CPU
		{9E21563E-F144-C220-BDD9-84A1EA5CF1C7}.Release|Any CPU.ActiveCfg = Release|Any CPU
		{9E21563E-F144-C220-BDD9-84A1EA5CF1C7}.Release|Any CPU.Build.0 = Release|Any CPU
		{B32F6C25-E96D-D1FB-C625-14DD26FA4B9D}.Debug|Any CPU.ActiveCfg = Debug|Any CPU
		{B32F6C25-E96D-D1FB-C625-14DD26FA4B9D}.Debug|Any CPU.Build.0 = Debug|Any CPU
		{B32F6C25-E96D-D1FB-C625-14DD26FA4B9D}.Release|Any CPU.ActiveCfg = Release|Any CPU
		{B32F6C25-E96D-D1FB-C625-14DD26FA4B9D}.Release|Any CPU.Build.0 = Release|Any CPU
		{E06A76DB-9735-8311-A667-CB62AC86BC82}.Debug|Any CPU.ActiveCfg = Debug|Any CPU
		{E06A76DB-9735-8311-A667-CB62AC86BC82}.Debug|Any CPU.Build.0 = Debug|Any CPU
		{E06A76DB-9735-8311-A667-CB62AC86BC82}.Release|Any CPU.ActiveCfg = Release|Any CPU
		{E06A76DB-9735-8311-A667-CB62AC86BC82}.Release|Any CPU.Build.0 = Release|Any CPU
		{A0D2585C-A514-71A5-DDDF-152ADE3EBB62}.Debug|Any CPU.ActiveCfg = Debug|Any CPU
		{A0D2585C-A514-71A5-DDDF-152ADE3EBB62}.Debug|Any CPU.Build.0 = Debug|Any CPU
		{A0D2585C-A514-71A5-DDDF-152ADE3EBB62}.Release|Any CPU.ActiveCfg = Release|Any CPU
		{A0D2585C-A514-71A5-DDDF-152ADE3EBB62}.Release|Any CPU.Build.0 = Release|Any CPU
		{6D6E3A1C-C8E5-31ED-B09A-C58DB38019EF}.Debug|Any CPU.ActiveCfg = Debug|Any CPU
		{6D6E3A1C-C8E5-31ED-B09A-C58DB38019EF}.Debug|Any CPU.Build.0 = Debug|Any CPU
		{6D6E3A1C-C8E5-31ED-B09A-C58DB38019EF}.Release|Any CPU.ActiveCfg = Release|Any CPU
		{6D6E3A1C-C8E5-31ED-B09A-C58DB38019EF}.Release|Any CPU.Build.0 = Release|Any CPU
		{625CBFD6-D370-8B01-5A89-D3E301D64114}.Debug|Any CPU.ActiveCfg = Debug|Any CPU
		{625CBFD6-D370-8B01-5A89-D3E301D64114}.Debug|Any CPU.Build.0 = Debug|Any CPU
		{625CBFD6-D370-8B01-5A89-D3E301D64114}.Release|Any CPU.ActiveCfg = Release|Any CPU
		{625CBFD6-D370-8B01-5A89-D3E301D64114}.Release|Any CPU.Build.0 = Release|Any CPU
		{E80C80C7-A30E-FA19-08BF-454197783C12}.Debug|Any CPU.ActiveCfg = Debug|Any CPU
		{E80C80C7-A30E-FA19-08BF-454197783C12}.Debug|Any CPU.Build.0 = Debug|Any CPU
		{E80C80C7-A30E-FA19-08BF-454197783C12}.Release|Any CPU.ActiveCfg = Release|Any CPU
		{E80C80C7-A30E-FA19-08BF-454197783C12}.Release|Any CPU.Build.0 = Release|Any CPU
		{BCC208E9-89DF-C881-93C4-D0074966CFB3}.Debug|Any CPU.ActiveCfg = Debug|Any CPU
		{BCC208E9-89DF-C881-93C4-D0074966CFB3}.Debug|Any CPU.Build.0 = Debug|Any CPU
		{BCC208E9-89DF-C881-93C4-D0074966CFB3}.Release|Any CPU.ActiveCfg = Release|Any CPU
		{BCC208E9-89DF-C881-93C4-D0074966CFB3}.Release|Any CPU.Build.0 = Release|Any CPU
		{5D69DBC7-1081-8AD2-3911-A9C913FB99E8}.Debug|Any CPU.ActiveCfg = Debug|Any CPU
		{5D69DBC7-1081-8AD2-3911-A9C913FB99E8}.Debug|Any CPU.Build.0 = Debug|Any CPU
		{5D69DBC7-1081-8AD2-3911-A9C913FB99E8}.Release|Any CPU.ActiveCfg = Release|Any CPU
		{5D69DBC7-1081-8AD2-3911-A9C913FB99E8}.Release|Any CPU.Build.0 = Release|Any CPU
		{E739C520-FE55-4142-D37F-0B99617CECEF}.Debug|Any CPU.ActiveCfg = Debug|Any CPU
		{E739C520-FE55-4142-D37F-0B99617CECEF}.Debug|Any CPU.Build.0 = Debug|Any CPU
		{E739C520-FE55-4142-D37F-0B99617CECEF}.Release|Any CPU.ActiveCfg = Release|Any CPU
		{E739C520-FE55-4142-D37F-0B99617CECEF}.Release|Any CPU.Build.0 = Release|Any CPU
		{50A6D9AE-F610-89AD-0FAA-2115A53F5D48}.Debug|Any CPU.ActiveCfg = Debug|Any CPU
		{50A6D9AE-F610-89AD-0FAA-2115A53F5D48}.Debug|Any CPU.Build.0 = Debug|Any CPU
		{50A6D9AE-F610-89AD-0FAA-2115A53F5D48}.Release|Any CPU.ActiveCfg = Release|Any CPU
		{50A6D9AE-F610-89AD-0FAA-2115A53F5D48}.Release|Any CPU.Build.0 = Release|Any CPU
		{A631BF0A-2864-BE95-257D-BEF3AFA5DC20}.Debug|Any CPU.ActiveCfg = Debug|Any CPU
		{A631BF0A-2864-BE95-257D-BEF3AFA5DC20}.Debug|Any CPU.Build.0 = Debug|Any CPU
		{A631BF0A-2864-BE95-257D-BEF3AFA5DC20}.Release|Any CPU.ActiveCfg = Release|Any CPU
		{A631BF0A-2864-BE95-257D-BEF3AFA5DC20}.Release|Any CPU.Build.0 = Release|Any CPU
		{B7A99DA3-A7AE-793F-43DD-4CFC9D8C80F0}.Debug|Any CPU.ActiveCfg = Debug|Any CPU
		{B7A99DA3-A7AE-793F-43DD-4CFC9D8C80F0}.Debug|Any CPU.Build.0 = Debug|Any CPU
		{B7A99DA3-A7AE-793F-43DD-4CFC9D8C80F0}.Release|Any CPU.ActiveCfg = Release|Any CPU
		{B7A99DA3-A7AE-793F-43DD-4CFC9D8C80F0}.Release|Any CPU.Build.0 = Release|Any CPU
		{C01BC0B8-004B-1D5E-9D7C-FF33BE662CA1}.Debug|Any CPU.ActiveCfg = Debug|Any CPU
		{C01BC0B8-004B-1D5E-9D7C-FF33BE662CA1}.Debug|Any CPU.Build.0 = Debug|Any CPU
		{C01BC0B8-004B-1D5E-9D7C-FF33BE662CA1}.Release|Any CPU.ActiveCfg = Release|Any CPU
		{C01BC0B8-004B-1D5E-9D7C-FF33BE662CA1}.Release|Any CPU.Build.0 = Release|Any CPU
		{DF38BADC-3560-D2F9-BDC9-B5A3C9CB87EA}.Debug|Any CPU.ActiveCfg = Debug|Any CPU
		{DF38BADC-3560-D2F9-BDC9-B5A3C9CB87EA}.Debug|Any CPU.Build.0 = Debug|Any CPU
		{DF38BADC-3560-D2F9-BDC9-B5A3C9CB87EA}.Release|Any CPU.ActiveCfg = Release|Any CPU
		{DF38BADC-3560-D2F9-BDC9-B5A3C9CB87EA}.Release|Any CPU.Build.0 = Release|Any CPU
		{42C8D34B-6F3D-310D-19B9-9D6E8D8D8B7A}.Debug|Any CPU.ActiveCfg = Debug|Any CPU
		{42C8D34B-6F3D-310D-19B9-9D6E8D8D8B7A}.Debug|Any CPU.Build.0 = Debug|Any CPU
		{42C8D34B-6F3D-310D-19B9-9D6E8D8D8B7A}.Release|Any CPU.ActiveCfg = Release|Any CPU
		{42C8D34B-6F3D-310D-19B9-9D6E8D8D8B7A}.Release|Any CPU.Build.0 = Release|Any CPU
		{AB98D9B7-4257-8A36-4AE4-A84CEA41ACA3}.Debug|Any CPU.ActiveCfg = Debug|Any CPU
		{AB98D9B7-4257-8A36-4AE4-A84CEA41ACA3}.Debug|Any CPU.Build.0 = Debug|Any CPU
		{AB98D9B7-4257-8A36-4AE4-A84CEA41ACA3}.Release|Any CPU.ActiveCfg = Release|Any CPU
		{AB98D9B7-4257-8A36-4AE4-A84CEA41ACA3}.Release|Any CPU.Build.0 = Release|Any CPU
		{D3462A5F-D52B-A825-F428-366220F77682}.Debug|Any CPU.ActiveCfg = Debug|Any CPU
		{D3462A5F-D52B-A825-F428-366220F77682}.Debug|Any CPU.Build.0 = Debug|Any CPU
		{D3462A5F-D52B-A825-F428-366220F77682}.Release|Any CPU.ActiveCfg = Release|Any CPU
		{D3462A5F-D52B-A825-F428-366220F77682}.Release|Any CPU.Build.0 = Release|Any CPU
	EndGlobalSection
	GlobalSection(SolutionProperties) = preSolution
		HideSolutionNode = FALSE
	EndGlobalSection
EndGlobal
