
Microsoft Visual Studio Solution File, Format Version 12.00
# Visual Studio 15
Project("{FAE04EC0-301F-11D3-BF4B-00C04F79EFBC}") = "Oculus.Interaction.Editor", "Oculus.Interaction.Editor.csproj", "{75D6B987-026F-87DC-A049-E1F3AF15DD7A}"
EndProject
Project("{FAE04EC0-301F-11D3-BF4B-00C04F79EFBC}") = "Oculus.VR", "Oculus.VR.csproj", "{6B3E242C-CFA4-7B45-CEA0-818E137F6A9C}"
EndProject
Project("{FAE04EC0-301F-11D3-BF4B-00C04F79EFBC}") = "Oculus.Interaction", "Oculus.Interaction.csproj", "{98E607DE-12CA-0506-664B-9A58C9EDEB97}"
EndProject
Project("{FAE04EC0-301F-11D3-BF4B-00C04F79EFBC}") = "Meta.WitAi.Conduit", "Meta.WitAi.Conduit.csproj", "{D7093F70-33D6-F7A1-C010-EF60F46601E3}"
EndProject
Project("{FAE04EC0-301F-11D3-BF4B-00C04F79EFBC}") = "Meta.Voice.Samples.ShapesConduit", "Meta.Voice.Samples.ShapesConduit.csproj", "{13D579E5-65AE-6C6E-08DB-2601DA0BFABF}"
EndProject
Project("{FAE04EC0-301F-11D3-BF4B-00C04F79EFBC}") = "Meta.WitAi.Editor", "Meta.WitAi.Editor.csproj", "{5E73AD65-058E-5C2A-7E3F-5EA1B01EC074}"
EndProject
Project("{FAE04EC0-301F-11D3-BF4B-00C04F79EFBC}") = "Oculus.Platform", "Oculus.Platform.csproj", "{02B9EDEB-BFF2-D028-7E78-ED8AE1074A6A}"
EndProject
Project("{FAE04EC0-301F-11D3-BF4B-00C04F79EFBC}") = "VoiceSDK.Telemetry", "VoiceSDK.Telemetry.csproj", "{C86C1969-35A3-6386-0FFC-83626148E437}"
EndProject
Project("{FAE04EC0-301F-11D3-BF4B-00C04F79EFBC}") = "Meta.WitAi.Conduit.Editor", "Meta.WitAi.Conduit.Editor.csproj", "{20A9B54A-1F17-AA7C-0E79-B291DEFB123C}"
EndProject
Project("{FAE04EC0-301F-11D3-BF4B-00C04F79EFBC}") = "Meta.WitAi", "Meta.WitAi.csproj", "{2435F2AC-1D96-B065-005D-7067452479DA}"
EndProject
Project("{FAE04EC0-301F-11D3-BF4B-00C04F79EFBC}") = "Oculus.Interaction.OVR.Samples", "Oculus.Interaction.OVR.Samples.csproj", "{40ABD342-36FF-7D26-1D4B-44DD05CBE510}"
EndProject
Project("{FAE04EC0-301F-11D3-BF4B-00C04F79EFBC}") = "Assembly-CSharp", "Assembly-CSharp.csproj", "{82325075-5D17-823B-823F-8E4441DE0B26}"
EndProject
Project("{FAE04EC0-301F-11D3-BF4B-00C04F79EFBC}") = "Meta.WitAi.Lib", "Meta.WitAi.Lib.csproj", "{E8C87D51-F1E8-2B0B-12E1-93D59AD42D9C}"
EndProject
Project("{FAE04EC0-301F-11D3-BF4B-00C04F79EFBC}") = "Oculus.VR.Editor", "Oculus.VR.Editor.csproj", "{0FC228FD-C509-6E47-B485-C6905AF522C4}"
EndProject
Project("{FAE04EC0-301F-11D3-BF4B-00C04F79EFBC}") = "Meta.Voice.Hub.Runtime", "Meta.Voice.Hub.Runtime.csproj", "{A1106EB2-9FAF-B829-2AC0-0ED9B96223AA}"
EndProject
Project("{FAE04EC0-301F-11D3-BF4B-00C04F79EFBC}") = "Oculus.Interaction.OVR.Editor", "Oculus.Interaction.OVR.Editor.csproj", "{534C9FED-1986-D465-2DF4-DCB5CCE2C112}"
EndProject
Project("{FAE04EC0-301F-11D3-BF4B-00C04F79EFBC}") = "VoiceSDK.Dictation.Runtime", "VoiceSDK.Dictation.Runtime.csproj", "{2853912B-992D-E0A2-906B-F3EC893226AD}"
EndProject
Project("{FAE04EC0-301F-11D3-BF4B-00C04F79EFBC}") = "Oculus.LipSync", "Oculus.LipSync.csproj", "{9621CB77-1424-26EB-48B5-850339FA07E8}"
EndProject
Project("{FAE04EC0-301F-11D3-BF4B-00C04F79EFBC}") = "Oculus.Interaction.OVR", "Oculus.Interaction.OVR.csproj", "{C97E2F10-49BD-32C4-FEF9-0AC2FDAA7E90}"
EndProject
Project("{FAE04EC0-301F-11D3-BF4B-00C04F79EFBC}") = "Meta.Voice.Hub.Editor", "Meta.Voice.Hub.Editor.csproj", "{72AF218F-1DE7-5411-9678-1082CE031300}"
EndProject
Project("{FAE04EC0-301F-11D3-BF4B-00C04F79EFBC}") = "VoiceSDK.Editor", "VoiceSDK.Editor.csproj", "{6257B882-8DB7-0EFC-C012-846F4E03C57E}"
EndProject
Project("{FAE04EC0-301F-11D3-BF4B-00C04F79EFBC}") = "Meta.WitAI.Lib.Editor", "Meta.WitAI.Lib.Editor.csproj", "{6C3B4D29-E22E-CD75-61E9-202733F99F36}"
EndProject
Project("{FAE04EC0-301F-11D3-BF4B-00C04F79EFBC}") = "Oculus.Spatializer.Editor", "Oculus.Spatializer.Editor.csproj", "{F071BD20-334E-519D-052B-91C5BFB1E8FD}"
EndProject
Project("{FAE04EC0-301F-11D3-BF4B-00C04F79EFBC}") = "AssistantCoreSDKRuntime", "AssistantCoreSDKRuntime.csproj", "{61C75BC6-C431-9AA2-D200-8371C6BE1422}"
EndProject
Project("{FAE04EC0-301F-11D3-BF4B-00C04F79EFBC}") = "Oculus.AudioManager", "Oculus.AudioManager.csproj", "{6EDA9211-AAA4-D75B-8251-6F259CB101F2}"
EndProject
Project("{FAE04EC0-301F-11D3-BF4B-00C04F79EFBC}") = "VoiceSDK.Runtime", "VoiceSDK.Runtime.csproj", "{84CF400F-6B1D-3A1B-B4AB-5EB1686F87AB}"
EndProject
Project("{FAE04EC0-301F-11D3-BF4B-00C04F79EFBC}") = "Facebook.Wit.Dictation", "Facebook.Wit.Dictation.csproj", "{03A2106B-8878-35DE-93E8-25C455E2FCD9}"
EndProject
Project("{FAE04EC0-301F-11D3-BF4B-00C04F79EFBC}") = "Meta.Voice.Samples.BuiltInTimer", "Meta.Voice.Samples.BuiltInTimer.csproj", "{93E3751F-FC15-653B-58D2-5F87AC88B823}"
EndProject
Project("{FAE04EC0-301F-11D3-BF4B-00C04F79EFBC}") = "Oculus.Platform.Editor", "Oculus.Platform.Editor.csproj", "{65EB0D63-5C07-4AD8-9B80-EA6872A0F5EB}"
EndProject
Project("{FAE04EC0-301F-11D3-BF4B-00C04F79EFBC}") = "Meta.XR.BuildingBlocks.Editor", "Meta.XR.BuildingBlocks.Editor.csproj", "{B1610FAB-16CB-DB06-A6C0-6034C7D67500}"
EndProject
Project("{FAE04EC0-301F-11D3-BF4B-00C04F79EFBC}") = "Meta.Voice.Samples.TTSVoices", "Meta.Voice.Samples.TTSVoices.csproj", "{97E04741-5036-B01F-EA62-B734E8B60D95}"
EndProject
Project("{FAE04EC0-301F-11D3-BF4B-00C04F79EFBC}") = "Meta.Voice.VSDKHub.Editor", "Meta.Voice.VSDKHub.Editor.csproj", "{63BA9BA5-F96B-4B80-9BC9-CDE2C638F2F5}"
EndProject
Project("{FAE04EC0-301F-11D3-BF4B-00C04F79EFBC}") = "Meta.WitAi.TTS", "Meta.WitAi.TTS.csproj", "{26E271A7-A43B-BFE2-06AA-1F8561023E9A}"
EndProject
Project("{FAE04EC0-301F-11D3-BF4B-00C04F79EFBC}") = "Oculus.AudioManager.Audio.Editor", "Oculus.AudioManager.Audio.Editor.csproj", "{17E4B989-7988-2CEA-74EB-166BE000C8FA}"
EndProject
Project("{FAE04EC0-301F-11D3-BF4B-00C04F79EFBC}") = "Assembly-CSharp-Editor", "Assembly-CSharp-Editor.csproj", "{8344DF93-EB11-4D38-8D77-03215038E705}"
EndProject
Project("{FAE04EC0-301F-11D3-BF4B-00C04F79EFBC}") = "Meta.Voice.Samples.Chess", "Meta.Voice.Samples.Chess.csproj", "{A1A7F075-AA59-5BC4-C821-970CCBFCB782}"
EndProject
Project("{FAE04EC0-301F-11D3-BF4B-00C04F79EFBC}") = "Oculus.VR.Scripts.Editor", "Oculus.VR.Scripts.Editor.csproj", "{1E2D9FD6-4F4F-B55A-54E6-859DA9CAAB94}"
EndProject
Project("{FAE04EC0-301F-11D3-BF4B-00C04F79EFBC}") = "Meta.Voice.Samples.LightTraits", "Meta.Voice.Samples.LightTraits.csproj", "{515DE462-2558-758B-F2A4-1FEB040202BE}"
EndProject
Project("{FAE04EC0-301F-11D3-BF4B-00C04F79EFBC}") = "Meta.Voice.Samples.Dictation", "Meta.Voice.Samples.Dictation.csproj", "{2F3A6B4D-CE12-195E-168B-90B8FDD2A04F}"
EndProject
Project("{FAE04EC0-301F-11D3-BF4B-00C04F79EFBC}") = "Meta.Voice.Samples.Shapes", "Meta.Voice.Samples.Shapes.csproj", "{BE1A37CA-AC15-0399-EAB7-1D55746EF7F7}"
EndProject
Project("{FAE04EC0-301F-11D3-BF4B-00C04F79EFBC}") = "Oculus.Interaction.Samples.Editor", "Oculus.Interaction.Samples.Editor.csproj", "{EBCF03FF-FD1A-04EE-63A6-B2BFBA1AA7D6}"
EndProject
Project("{FAE04EC0-301F-11D3-BF4B-00C04F79EFBC}") = "Meta.WitAi.TTS.Editor", "Meta.WitAi.TTS.Editor.csproj", "{608F346B-8D6A-5880-4ECF-72582A2F3C25}"
EndProject
Project("{FAE04EC0-301F-11D3-BF4B-00C04F79EFBC}") = "Meta.XR.BuildingBlocks", "Meta.XR.BuildingBlocks.csproj", "{5729B0DF-6C43-D547-E741-25AC72C65FA4}"
EndProject
Project("{FAE04EC0-301F-11D3-BF4B-00C04F79EFBC}") = "Oculus.Spatializer", "Oculus.Spatializer.csproj", "{22C9FB42-7B2D-17FF-6350-DC8AF1E2821E}"
EndProject
Project("{FAE04EC0-301F-11D3-BF4B-00C04F79EFBC}") = "Oculus.LipSync.Editor", "Oculus.LipSync.Editor.csproj", "{AAFCD93B-304F-72E3-93C3-A6FB9479B5F3}"
EndProject
Project("{FAE04EC0-301F-11D3-BF4B-00C04F79EFBC}") = "Oculus.AudioManager.Utils.Editor", "Oculus.AudioManager.Utils.Editor.csproj", "{E227190B-905A-2CB8-1A11-8C2E063E8C44}"
EndProject
Project("{FAE04EC0-301F-11D3-BF4B-00C04F79EFBC}") = "Meta.VoiceSDK.Mic.Common", "Meta.VoiceSDK.Mic.Common.csproj", "{49868CBB-9890-5A72-8BCE-4CB7CC774E64}"
EndProject
Project("{FAE04EC0-301F-11D3-BF4B-00C04F79EFBC}") = "VoiceSDK.Dictation.Editor", "VoiceSDK.Dictation.Editor.csproj", "{92895F5E-02A1-E6A5-3778-22AB4832CF39}"
EndProject
Project("{FAE04EC0-301F-11D3-BF4B-00C04F79EFBC}") = "Meta.VoiceSDK.Mic.Other", "Meta.VoiceSDK.Mic.Other.csproj", "{9F3840C3-8477-B1AE-F951-CEDCBEC78C87}"
EndProject
Project("{FAE04EC0-301F-11D3-BF4B-00C04F79EFBC}") = "AssistantCoreSDKEditor", "AssistantCoreSDKEditor.csproj", "{EB98067D-8D46-1533-FE75-F7D6937F92D0}"
EndProject
Project("{FAE04EC0-301F-11D3-BF4B-00C04F79EFBC}") = "Oculus.Interaction.InterfaceSupport", "Oculus.Interaction.InterfaceSupport.csproj", "{CE6DF925-13A9-639B-EDE7-4E44894F5B29}"
EndProject
Project("{FAE04EC0-301F-11D3-BF4B-00C04F79EFBC}") = "Meta.Voice.Samples.LiveUnderstanding", "Meta.Voice.Samples.LiveUnderstanding.csproj", "{2EBA2A37-41B7-5968-CA96-B5303E53032E}"
EndProject
Project("{FAE04EC0-301F-11D3-BF4B-00C04F79EFBC}") = "Facebook.Wit.Dictation.Editor", "Facebook.Wit.Dictation.Editor.csproj", "{069EAFA8-1523-1D9C-5C0E-8646C71C2AEB}"
EndProject
Project("{FAE04EC0-301F-11D3-BF4B-00C04F79EFBC}") = "Meta.VoiceSDK.Mic.WebGL", "Meta.VoiceSDK.Mic.WebGL.csproj", "{B7B01C8E-677D-2BEC-A84A-1C4487B0A529}"
EndProject
Global
	GlobalSection(SolutionConfigurationPlatforms) = preSolution
		Debug|Any CPU = Debug|Any CPU
		Release|Any CPU = Release|Any CPU
	EndGlobalSection
	GlobalSection(ProjectConfigurationPlatforms) = postSolution
		{75D6B987-026F-87DC-A049-E1F3AF15DD7A}.Debug|Any CPU.ActiveCfg = Debug|Any CPU
		{75D6B987-026F-87DC-A049-E1F3AF15DD7A}.Debug|Any CPU.Build.0 = Debug|Any CPU
		{75D6B987-026F-87DC-A049-E1F3AF15DD7A}.Release|Any CPU.ActiveCfg = Release|Any CPU
		{75D6B987-026F-87DC-A049-E1F3AF15DD7A}.Release|Any CPU.Build.0 = Release|Any CPU
		{6B3E242C-CFA4-7B45-CEA0-818E137F6A9C}.Debug|Any CPU.ActiveCfg = Debug|Any CPU
		{6B3E242C-CFA4-7B45-CEA0-818E137F6A9C}.Debug|Any CPU.Build.0 = Debug|Any CPU
		{6B3E242C-CFA4-7B45-CEA0-818E137F6A9C}.Release|Any CPU.ActiveCfg = Release|Any CPU
		{6B3E242C-CFA4-7B45-CEA0-818E137F6A9C}.Release|Any CPU.Build.0 = Release|Any CPU
		{98E607DE-12CA-0506-664B-9A58C9EDEB97}.Debug|Any CPU.ActiveCfg = Debug|Any CPU
		{98E607DE-12CA-0506-664B-9A58C9EDEB97}.Debug|Any CPU.Build.0 = Debug|Any CPU
		{98E607DE-12CA-0506-664B-9A58C9EDEB97}.Release|Any CPU.ActiveCfg = Release|Any CPU
		{98E607DE-12CA-0506-664B-9A58C9EDEB97}.Release|Any CPU.Build.0 = Release|Any CPU
		{D7093F70-33D6-F7A1-C010-EF60F46601E3}.Debug|Any CPU.ActiveCfg = Debug|Any CPU
		{D7093F70-33D6-F7A1-C010-EF60F46601E3}.Debug|Any CPU.Build.0 = Debug|Any CPU
		{D7093F70-33D6-F7A1-C010-EF60F46601E3}.Release|Any CPU.ActiveCfg = Release|Any CPU
		{D7093F70-33D6-F7A1-C010-EF60F46601E3}.Release|Any CPU.Build.0 = Release|Any CPU
		{13D579E5-65AE-6C6E-08DB-2601DA0BFABF}.Debug|Any CPU.ActiveCfg = Debug|Any CPU
		{13D579E5-65AE-6C6E-08DB-2601DA0BFABF}.Debug|Any CPU.Build.0 = Debug|Any CPU
		{13D579E5-65AE-6C6E-08DB-2601DA0BFABF}.Release|Any CPU.ActiveCfg = Release|Any CPU
		{13D579E5-65AE-6C6E-08DB-2601DA0BFABF}.Release|Any CPU.Build.0 = Release|Any CPU
		{5E73AD65-058E-5C2A-7E3F-5EA1B01EC074}.Debug|Any CPU.ActiveCfg = Debug|Any CPU
		{5E73AD65-058E-5C2A-7E3F-5EA1B01EC074}.Debug|Any CPU.Build.0 = Debug|Any CPU
		{5E73AD65-058E-5C2A-7E3F-5EA1B01EC074}.Release|Any CPU.ActiveCfg = Release|Any CPU
		{5E73AD65-058E-5C2A-7E3F-5EA1B01EC074}.Release|Any CPU.Build.0 = Release|Any CPU
		{02B9EDEB-BFF2-D028-7E78-ED8AE1074A6A}.Debug|Any CPU.ActiveCfg = Debug|Any CPU
		{02B9EDEB-BFF2-D028-7E78-ED8AE1074A6A}.Debug|Any CPU.Build.0 = Debug|Any CPU
		{02B9EDEB-BFF2-D028-7E78-ED8AE1074A6A}.Release|Any CPU.ActiveCfg = Release|Any CPU
		{02B9EDEB-BFF2-D028-7E78-ED8AE1074A6A}.Release|Any CPU.Build.0 = Release|Any CPU
		{C86C1969-35A3-6386-0FFC-83626148E437}.Debug|Any CPU.ActiveCfg = Debug|Any CPU
		{C86C1969-35A3-6386-0FFC-83626148E437}.Debug|Any CPU.Build.0 = Debug|Any CPU
		{C86C1969-35A3-6386-0FFC-83626148E437}.Release|Any CPU.ActiveCfg = Release|Any CPU
		{C86C1969-35A3-6386-0FFC-83626148E437}.Release|Any CPU.Build.0 = Release|Any CPU
		{20A9B54A-1F17-AA7C-0E79-B291DEFB123C}.Debug|Any CPU.ActiveCfg = Debug|Any CPU
		{20A9B54A-1F17-AA7C-0E79-B291DEFB123C}.Debug|Any CPU.Build.0 = Debug|Any CPU
		{20A9B54A-1F17-AA7C-0E79-B291DEFB123C}.Release|Any CPU.ActiveCfg = Release|Any CPU
		{20A9B54A-1F17-AA7C-0E79-B291DEFB123C}.Release|Any CPU.Build.0 = Release|Any CPU
		{2435F2AC-1D96-B065-005D-7067452479DA}.Debug|Any CPU.ActiveCfg = Debug|Any CPU
		{2435F2AC-1D96-B065-005D-7067452479DA}.Debug|Any CPU.Build.0 = Debug|Any CPU
		{2435F2AC-1D96-B065-005D-7067452479DA}.Release|Any CPU.ActiveCfg = Release|Any CPU
		{2435F2AC-1D96-B065-005D-7067452479DA}.Release|Any CPU.Build.0 = Release|Any CPU
		{40ABD342-36FF-7D26-1D4B-44DD05CBE510}.Debug|Any CPU.ActiveCfg = Debug|Any CPU
		{40ABD342-36FF-7D26-1D4B-44DD05CBE510}.Debug|Any CPU.Build.0 = Debug|Any CPU
		{40ABD342-36FF-7D26-1D4B-44DD05CBE510}.Release|Any CPU.ActiveCfg = Release|Any CPU
		{40ABD342-36FF-7D26-1D4B-44DD05CBE510}.Release|Any CPU.Build.0 = Release|Any CPU
		{82325075-5D17-823B-823F-8E4441DE0B26}.Debug|Any CPU.ActiveCfg = Debug|Any CPU
		{82325075-5D17-823B-823F-8E4441DE0B26}.Debug|Any CPU.Build.0 = Debug|Any CPU
		{82325075-5D17-823B-823F-8E4441DE0B26}.Release|Any CPU.ActiveCfg = Release|Any CPU
		{82325075-5D17-823B-823F-8E4441DE0B26}.Release|Any CPU.Build.0 = Release|Any CPU
		{E8C87D51-F1E8-2B0B-12E1-93D59AD42D9C}.Debug|Any CPU.ActiveCfg = Debug|Any CPU
		{E8C87D51-F1E8-2B0B-12E1-93D59AD42D9C}.Debug|Any CPU.Build.0 = Debug|Any CPU
		{E8C87D51-F1E8-2B0B-12E1-93D59AD42D9C}.Release|Any CPU.ActiveCfg = Release|Any CPU
		{E8C87D51-F1E8-2B0B-12E1-93D59AD42D9C}.Release|Any CPU.Build.0 = Release|Any CPU
		{0FC228FD-C509-6E47-B485-C6905AF522C4}.Debug|Any CPU.ActiveCfg = Debug|Any CPU
		{0FC228FD-C509-6E47-B485-C6905AF522C4}.Debug|Any CPU.Build.0 = Debug|Any CPU
		{0FC228FD-C509-6E47-B485-C6905AF522C4}.Release|Any CPU.ActiveCfg = Release|Any CPU
		{0FC228FD-C509-6E47-B485-C6905AF522C4}.Release|Any CPU.Build.0 = Release|Any CPU
		{A1106EB2-9FAF-B829-2AC0-0ED9B96223AA}.Debug|Any CPU.ActiveCfg = Debug|Any CPU
		{A1106EB2-9FAF-B829-2AC0-0ED9B96223AA}.Debug|Any CPU.Build.0 = Debug|Any CPU
		{A1106EB2-9FAF-B829-2AC0-0ED9B96223AA}.Release|Any CPU.ActiveCfg = Release|Any CPU
		{A1106EB2-9FAF-B829-2AC0-0ED9B96223AA}.Release|Any CPU.Build.0 = Release|Any CPU
		{534C9FED-1986-D465-2DF4-DCB5CCE2C112}.Debug|Any CPU.ActiveCfg = Debug|Any CPU
		{534C9FED-1986-D465-2DF4-DCB5CCE2C112}.Debug|Any CPU.Build.0 = Debug|Any CPU
		{534C9FED-1986-D465-2DF4-DCB5CCE2C112}.Release|Any CPU.ActiveCfg = Release|Any CPU
		{534C9FED-1986-D465-2DF4-DCB5CCE2C112}.Release|Any CPU.Build.0 = Release|Any CPU
		{2853912B-992D-E0A2-906B-F3EC893226AD}.Debug|Any CPU.ActiveCfg = Debug|Any CPU
		{2853912B-992D-E0A2-906B-F3EC893226AD}.Debug|Any CPU.Build.0 = Debug|Any CPU
		{2853912B-992D-E0A2-906B-F3EC893226AD}.Release|Any CPU.ActiveCfg = Release|Any CPU
		{2853912B-992D-E0A2-906B-F3EC893226AD}.Release|Any CPU.Build.0 = Release|Any CPU
		{9621CB77-1424-26EB-48B5-850339FA07E8}.Debug|Any CPU.ActiveCfg = Debug|Any CPU
		{9621CB77-1424-26EB-48B5-850339FA07E8}.Debug|Any CPU.Build.0 = Debug|Any CPU
		{9621CB77-1424-26EB-48B5-850339FA07E8}.Release|Any CPU.ActiveCfg = Release|Any CPU
		{9621CB77-1424-26EB-48B5-850339FA07E8}.Release|Any CPU.Build.0 = Release|Any CPU
		{C97E2F10-49BD-32C4-FEF9-0AC2FDAA7E90}.Debug|Any CPU.ActiveCfg = Debug|Any CPU
		{C97E2F10-49BD-32C4-FEF9-0AC2FDAA7E90}.Debug|Any CPU.Build.0 = Debug|Any CPU
		{C97E2F10-49BD-32C4-FEF9-0AC2FDAA7E90}.Release|Any CPU.ActiveCfg = Release|Any CPU
		{C97E2F10-49BD-32C4-FEF9-0AC2FDAA7E90}.Release|Any CPU.Build.0 = Release|Any CPU
		{72AF218F-1DE7-5411-9678-1082CE031300}.Debug|Any CPU.ActiveCfg = Debug|Any CPU
		{72AF218F-1DE7-5411-9678-1082CE031300}.Debug|Any CPU.Build.0 = Debug|Any CPU
		{72AF218F-1DE7-5411-9678-1082CE031300}.Release|Any CPU.ActiveCfg = Release|Any CPU
		{72AF218F-1DE7-5411-9678-1082CE031300}.Release|Any CPU.Build.0 = Release|Any CPU
		{6257B882-8DB7-0EFC-C012-846F4E03C57E}.Debug|Any CPU.ActiveCfg = Debug|Any CPU
		{6257B882-8DB7-0EFC-C012-846F4E03C57E}.Debug|Any CPU.Build.0 = Debug|Any CPU
		{6257B882-8DB7-0EFC-C012-846F4E03C57E}.Release|Any CPU.ActiveCfg = Release|Any CPU
		{6257B882-8DB7-0EFC-C012-846F4E03C57E}.Release|Any CPU.Build.0 = Release|Any CPU
		{6C3B4D29-E22E-CD75-61E9-202733F99F36}.Debug|Any CPU.ActiveCfg = Debug|Any CPU
		{6C3B4D29-E22E-CD75-61E9-202733F99F36}.Debug|Any CPU.Build.0 = Debug|Any CPU
		{6C3B4D29-E22E-CD75-61E9-202733F99F36}.Release|Any CPU.ActiveCfg = Release|Any CPU
		{6C3B4D29-E22E-CD75-61E9-202733F99F36}.Release|Any CPU.Build.0 = Release|Any CPU
		{F071BD20-334E-519D-052B-91C5BFB1E8FD}.Debug|Any CPU.ActiveCfg = Debug|Any CPU
		{F071BD20-334E-519D-052B-91C5BFB1E8FD}.Debug|Any CPU.Build.0 = Debug|Any CPU
		{F071BD20-334E-519D-052B-91C5BFB1E8FD}.Release|Any CPU.ActiveCfg = Release|Any CPU
		{F071BD20-334E-519D-052B-91C5BFB1E8FD}.Release|Any CPU.Build.0 = Release|Any CPU
		{61C75BC6-C431-9AA2-D200-8371C6BE1422}.Debug|Any CPU.ActiveCfg = Debug|Any CPU
		{61C75BC6-C431-9AA2-D200-8371C6BE1422}.Debug|Any CPU.Build.0 = Debug|Any CPU
		{61C75BC6-C431-9AA2-D200-8371C6BE1422}.Release|Any CPU.ActiveCfg = Release|Any CPU
		{61C75BC6-C431-9AA2-D200-8371C6BE1422}.Release|Any CPU.Build.0 = Release|Any CPU
		{6EDA9211-AAA4-D75B-8251-6F259CB101F2}.Debug|Any CPU.ActiveCfg = Debug|Any CPU
		{6EDA9211-AAA4-D75B-8251-6F259CB101F2}.Debug|Any CPU.Build.0 = Debug|Any CPU
		{6EDA9211-AAA4-D75B-8251-6F259CB101F2}.Release|Any CPU.ActiveCfg = Release|Any CPU
		{6EDA9211-AAA4-D75B-8251-6F259CB101F2}.Release|Any CPU.Build.0 = Release|Any CPU
		{84CF400F-6B1D-3A1B-B4AB-5EB1686F87AB}.Debug|Any CPU.ActiveCfg = Debug|Any CPU
		{84CF400F-6B1D-3A1B-B4AB-5EB1686F87AB}.Debug|Any CPU.Build.0 = Debug|Any CPU
		{84CF400F-6B1D-3A1B-B4AB-5EB1686F87AB}.Release|Any CPU.ActiveCfg = Release|Any CPU
		{84CF400F-6B1D-3A1B-B4AB-5EB1686F87AB}.Release|Any CPU.Build.0 = Release|Any CPU
		{03A2106B-8878-35DE-93E8-25C455E2FCD9}.Debug|Any CPU.ActiveCfg = Debug|Any CPU
		{03A2106B-8878-35DE-93E8-25C455E2FCD9}.Debug|Any CPU.Build.0 = Debug|Any CPU
		{03A2106B-8878-35DE-93E8-25C455E2FCD9}.Release|Any CPU.ActiveCfg = Release|Any CPU
		{03A2106B-8878-35DE-93E8-25C455E2FCD9}.Release|Any CPU.Build.0 = Release|Any CPU
		{93E3751F-FC15-653B-58D2-5F87AC88B823}.Debug|Any CPU.ActiveCfg = Debug|Any CPU
		{93E3751F-FC15-653B-58D2-5F87AC88B823}.Debug|Any CPU.Build.0 = Debug|Any CPU
		{93E3751F-FC15-653B-58D2-5F87AC88B823}.Release|Any CPU.ActiveCfg = Release|Any CPU
		{93E3751F-FC15-653B-58D2-5F87AC88B823}.Release|Any CPU.Build.0 = Release|Any CPU
		{65EB0D63-5C07-4AD8-9B80-EA6872A0F5EB}.Debug|Any CPU.ActiveCfg = Debug|Any CPU
		{65EB0D63-5C07-4AD8-9B80-EA6872A0F5EB}.Debug|Any CPU.Build.0 = Debug|Any CPU
		{65EB0D63-5C07-4AD8-9B80-EA6872A0F5EB}.Release|Any CPU.ActiveCfg = Release|Any CPU
		{65EB0D63-5C07-4AD8-9B80-EA6872A0F5EB}.Release|Any CPU.Build.0 = Release|Any CPU
		{B1610FAB-16CB-DB06-A6C0-6034C7D67500}.Debug|Any CPU.ActiveCfg = Debug|Any CPU
		{B1610FAB-16CB-DB06-A6C0-6034C7D67500}.Debug|Any CPU.Build.0 = Debug|Any CPU
		{B1610FAB-16CB-DB06-A6C0-6034C7D67500}.Release|Any CPU.ActiveCfg = Release|Any CPU
		{B1610FAB-16CB-DB06-A6C0-6034C7D67500}.Release|Any CPU.Build.0 = Release|Any CPU
		{97E04741-5036-B01F-EA62-B734E8B60D95}.Debug|Any CPU.ActiveCfg = Debug|Any CPU
		{97E04741-5036-B01F-EA62-B734E8B60D95}.Debug|Any CPU.Build.0 = Debug|Any CPU
		{97E04741-5036-B01F-EA62-B734E8B60D95}.Release|Any CPU.ActiveCfg = Release|Any CPU
		{97E04741-5036-B01F-EA62-B734E8B60D95}.Release|Any CPU.Build.0 = Release|Any CPU
		{63BA9BA5-F96B-4B80-9BC9-CDE2C638F2F5}.Debug|Any CPU.ActiveCfg = Debug|Any CPU
		{63BA9BA5-F96B-4B80-9BC9-CDE2C638F2F5}.Debug|Any CPU.Build.0 = Debug|Any CPU
		{63BA9BA5-F96B-4B80-9BC9-CDE2C638F2F5}.Release|Any CPU.ActiveCfg = Release|Any CPU
		{63BA9BA5-F96B-4B80-9BC9-CDE2C638F2F5}.Release|Any CPU.Build.0 = Release|Any CPU
		{26E271A7-A43B-BFE2-06AA-1F8561023E9A}.Debug|Any CPU.ActiveCfg = Debug|Any CPU
		{26E271A7-A43B-BFE2-06AA-1F8561023E9A}.Debug|Any CPU.Build.0 = Debug|Any CPU
		{26E271A7-A43B-BFE2-06AA-1F8561023E9A}.Release|Any CPU.ActiveCfg = Release|Any CPU
		{26E271A7-A43B-BFE2-06AA-1F8561023E9A}.Release|Any CPU.Build.0 = Release|Any CPU
		{17E4B989-7988-2CEA-74EB-166BE000C8FA}.Debug|Any CPU.ActiveCfg = Debug|Any CPU
		{17E4B989-7988-2CEA-74EB-166BE000C8FA}.Debug|Any CPU.Build.0 = Debug|Any CPU
		{17E4B989-7988-2CEA-74EB-166BE000C8FA}.Release|Any CPU.ActiveCfg = Release|Any CPU
		{17E4B989-7988-2CEA-74EB-166BE000C8FA}.Release|Any CPU.Build.0 = Release|Any CPU
		{8344DF93-EB11-4D38-8D77-03215038E705}.Debug|Any CPU.ActiveCfg = Debug|Any CPU
		{8344DF93-EB11-4D38-8D77-03215038E705}.Debug|Any CPU.Build.0 = Debug|Any CPU
		{8344DF93-EB11-4D38-8D77-03215038E705}.Release|Any CPU.ActiveCfg = Release|Any CPU
		{8344DF93-EB11-4D38-8D77-03215038E705}.Release|Any CPU.Build.0 = Release|Any CPU
		{A1A7F075-AA59-5BC4-C821-970CCBFCB782}.Debug|Any CPU.ActiveCfg = Debug|Any CPU
		{A1A7F075-AA59-5BC4-C821-970CCBFCB782}.Debug|Any CPU.Build.0 = Debug|Any CPU
		{A1A7F075-AA59-5BC4-C821-970CCBFCB782}.Release|Any CPU.ActiveCfg = Release|Any CPU
		{A1A7F075-AA59-5BC4-C821-970CCBFCB782}.Release|Any CPU.Build.0 = Release|Any CPU
		{1E2D9FD6-4F4F-B55A-54E6-859DA9CAAB94}.Debug|Any CPU.ActiveCfg = Debug|Any CPU
		{1E2D9FD6-4F4F-B55A-54E6-859DA9CAAB94}.Debug|Any CPU.Build.0 = Debug|Any CPU
		{1E2D9FD6-4F4F-B55A-54E6-859DA9CAAB94}.Release|Any CPU.ActiveCfg = Release|Any CPU
		{1E2D9FD6-4F4F-B55A-54E6-859DA9CAAB94}.Release|Any CPU.Build.0 = Release|Any CPU
		{515DE462-2558-758B-F2A4-1FEB040202BE}.Debug|Any CPU.ActiveCfg = Debug|Any CPU
		{515DE462-2558-758B-F2A4-1FEB040202BE}.Debug|Any CPU.Build.0 = Debug|Any CPU
		{515DE462-2558-758B-F2A4-1FEB040202BE}.Release|Any CPU.ActiveCfg = Release|Any CPU
		{515DE462-2558-758B-F2A4-1FEB040202BE}.Release|Any CPU.Build.0 = Release|Any CPU
		{2F3A6B4D-CE12-195E-168B-90B8FDD2A04F}.Debug|Any CPU.ActiveCfg = Debug|Any CPU
		{2F3A6B4D-CE12-195E-168B-90B8FDD2A04F}.Debug|Any CPU.Build.0 = Debug|Any CPU
		{2F3A6B4D-CE12-195E-168B-90B8FDD2A04F}.Release|Any CPU.ActiveCfg = Release|Any CPU
		{2F3A6B4D-CE12-195E-168B-90B8FDD2A04F}.Release|Any CPU.Build.0 = Release|Any CPU
		{BE1A37CA-AC15-0399-EAB7-1D55746EF7F7}.Debug|Any CPU.ActiveCfg = Debug|Any CPU
		{BE1A37CA-AC15-0399-EAB7-1D55746EF7F7}.Debug|Any CPU.Build.0 = Debug|Any CPU
		{BE1A37CA-AC15-0399-EAB7-1D55746EF7F7}.Release|Any CPU.ActiveCfg = Release|Any CPU
		{BE1A37CA-AC15-0399-EAB7-1D55746EF7F7}.Release|Any CPU.Build.0 = Release|Any CPU
		{EBCF03FF-FD1A-04EE-63A6-B2BFBA1AA7D6}.Debug|Any CPU.ActiveCfg = Debug|Any CPU
		{EBCF03FF-FD1A-04EE-63A6-B2BFBA1AA7D6}.Debug|Any CPU.Build.0 = Debug|Any CPU
		{EBCF03FF-FD1A-04EE-63A6-B2BFBA1AA7D6}.Release|Any CPU.ActiveCfg = Release|Any CPU
		{EBCF03FF-FD1A-04EE-63A6-B2BFBA1AA7D6}.Release|Any CPU.Build.0 = Release|Any CPU
		{608F346B-8D6A-5880-4ECF-72582A2F3C25}.Debug|Any CPU.ActiveCfg = Debug|Any CPU
		{608F346B-8D6A-5880-4ECF-72582A2F3C25}.Debug|Any CPU.Build.0 = Debug|Any CPU
		{608F346B-8D6A-5880-4ECF-72582A2F3C25}.Release|Any CPU.ActiveCfg = Release|Any CPU
		{608F346B-8D6A-5880-4ECF-72582A2F3C25}.Release|Any CPU.Build.0 = Release|Any CPU
		{5729B0DF-6C43-D547-E741-25AC72C65FA4}.Debug|Any CPU.ActiveCfg = Debug|Any CPU
		{5729B0DF-6C43-D547-E741-25AC72C65FA4}.Debug|Any CPU.Build.0 = Debug|Any CPU
		{5729B0DF-6C43-D547-E741-25AC72C65FA4}.Release|Any CPU.ActiveCfg = Release|Any CPU
		{5729B0DF-6C43-D547-E741-25AC72C65FA4}.Release|Any CPU.Build.0 = Release|Any CPU
		{22C9FB42-7B2D-17FF-6350-DC8AF1E2821E}.Debug|Any CPU.ActiveCfg = Debug|Any CPU
		{22C9FB42-7B2D-17FF-6350-DC8AF1E2821E}.Debug|Any CPU.Build.0 = Debug|Any CPU
		{22C9FB42-7B2D-17FF-6350-DC8AF1E2821E}.Release|Any CPU.ActiveCfg = Release|Any CPU
		{22C9FB42-7B2D-17FF-6350-DC8AF1E2821E}.Release|Any CPU.Build.0 = Release|Any CPU
		{AAFCD93B-304F-72E3-93C3-A6FB9479B5F3}.Debug|Any CPU.ActiveCfg = Debug|Any CPU
		{AAFCD93B-304F-72E3-93C3-A6FB9479B5F3}.Debug|Any CPU.Build.0 = Debug|Any CPU
		{AAFCD93B-304F-72E3-93C3-A6FB9479B5F3}.Release|Any CPU.ActiveCfg = Release|Any CPU
		{AAFCD93B-304F-72E3-93C3-A6FB9479B5F3}.Release|Any CPU.Build.0 = Release|Any CPU
		{E227190B-905A-2CB8-1A11-8C2E063E8C44}.Debug|Any CPU.ActiveCfg = Debug|Any CPU
		{E227190B-905A-2CB8-1A11-8C2E063E8C44}.Debug|Any CPU.Build.0 = Debug|Any CPU
		{E227190B-905A-2CB8-1A11-8C2E063E8C44}.Release|Any CPU.ActiveCfg = Release|Any CPU
		{E227190B-905A-2CB8-1A11-8C2E063E8C44}.Release|Any CPU.Build.0 = Release|Any CPU
		{49868CBB-9890-5A72-8BCE-4CB7CC774E64}.Debug|Any CPU.ActiveCfg = Debug|Any CPU
		{49868CBB-9890-5A72-8BCE-4CB7CC774E64}.Debug|Any CPU.Build.0 = Debug|Any CPU
		{49868CBB-9890-5A72-8BCE-4CB7CC774E64}.Release|Any CPU.ActiveCfg = Release|Any CPU
		{49868CBB-9890-5A72-8BCE-4CB7CC774E64}.Release|Any CPU.Build.0 = Release|Any CPU
		{92895F5E-02A1-E6A5-3778-22AB4832CF39}.Debug|Any CPU.ActiveCfg = Debug|Any CPU
		{92895F5E-02A1-E6A5-3778-22AB4832CF39}.Debug|Any CPU.Build.0 = Debug|Any CPU
		{92895F5E-02A1-E6A5-3778-22AB4832CF39}.Release|Any CPU.ActiveCfg = Release|Any CPU
		{92895F5E-02A1-E6A5-3778-22AB4832CF39}.Release|Any CPU.Build.0 = Release|Any CPU
		{9F3840C3-8477-B1AE-F951-CEDCBEC78C87}.Debug|Any CPU.ActiveCfg = Debug|Any CPU
		{9F3840C3-8477-B1AE-F951-CEDCBEC78C87}.Debug|Any CPU.Build.0 = Debug|Any CPU
		{9F3840C3-8477-B1AE-F951-CEDCBEC78C87}.Release|Any CPU.ActiveCfg = Release|Any CPU
		{9F3840C3-8477-B1AE-F951-CEDCBEC78C87}.Release|Any CPU.Build.0 = Release|Any CPU
		{EB98067D-8D46-1533-FE75-F7D6937F92D0}.Debug|Any CPU.ActiveCfg = Debug|Any CPU
		{EB98067D-8D46-1533-FE75-F7D6937F92D0}.Debug|Any CPU.Build.0 = Debug|Any CPU
		{EB98067D-8D46-1533-FE75-F7D6937F92D0}.Release|Any CPU.ActiveCfg = Release|Any CPU
		{EB98067D-8D46-1533-FE75-F7D6937F92D0}.Release|Any CPU.Build.0 = Release|Any CPU
		{CE6DF925-13A9-639B-EDE7-4E44894F5B29}.Debug|Any CPU.ActiveCfg = Debug|Any CPU
		{CE6DF925-13A9-639B-EDE7-4E44894F5B29}.Debug|Any CPU.Build.0 = Debug|Any CPU
		{CE6DF925-13A9-639B-EDE7-4E44894F5B29}.Release|Any CPU.ActiveCfg = Release|Any CPU
		{CE6DF925-13A9-639B-EDE7-4E44894F5B29}.Release|Any CPU.Build.0 = Release|Any CPU
		{2EBA2A37-41B7-5968-CA96-B5303E53032E}.Debug|Any CPU.ActiveCfg = Debug|Any CPU
		{2EBA2A37-41B7-5968-CA96-B5303E53032E}.Debug|Any CPU.Build.0 = Debug|Any CPU
		{2EBA2A37-41B7-5968-CA96-B5303E53032E}.Release|Any CPU.ActiveCfg = Release|Any CPU
		{2EBA2A37-41B7-5968-CA96-B5303E53032E}.Release|Any CPU.Build.0 = Release|Any CPU
		{069EAFA8-1523-1D9C-5C0E-8646C71C2AEB}.Debug|Any CPU.ActiveCfg = Debug|Any CPU
		{069EAFA8-1523-1D9C-5C0E-8646C71C2AEB}.Debug|Any CPU.Build.0 = Debug|Any CPU
		{069EAFA8-1523-1D9C-5C0E-8646C71C2AEB}.Release|Any CPU.ActiveCfg = Release|Any CPU
		{069EAFA8-1523-1D9C-5C0E-8646C71C2AEB}.Release|Any CPU.Build.0 = Release|Any CPU
		{B7B01C8E-677D-2BEC-A84A-1C4487B0A529}.Debug|Any CPU.ActiveCfg = Debug|Any CPU
		{B7B01C8E-677D-2BEC-A84A-1C4487B0A529}.Debug|Any CPU.Build.0 = Debug|Any CPU
		{B7B01C8E-677D-2BEC-A84A-1C4487B0A529}.Release|Any CPU.ActiveCfg = Release|Any CPU
		{B7B01C8E-677D-2BEC-A84A-1C4487B0A529}.Release|Any CPU.Build.0 = Release|Any CPU
	EndGlobalSection
	GlobalSection(SolutionProperties) = preSolution
		HideSolutionNode = FALSE
	EndGlobalSection
EndGlobal
