
Microsoft Visual Studio Solution File, Format Version 12.00
# Visual Studio 15
Project("{FAE04EC0-301F-11D3-BF4B-00C04F79EFBC}") = "Oculus.Interaction.Editor", "Oculus.Interaction.Editor.csproj", "{31EB22C9-2965-88A3-504F-6EA3953983E3}"
EndProject
Project("{FAE04EC0-301F-11D3-BF4B-00C04F79EFBC}") = "Assembly-CSharp", "Assembly-CSharp.csproj", "{E51F214F-50E1-2939-3FED-F6C2EFCCC7CE}"
EndProject
Project("{FAE04EC0-301F-11D3-BF4B-00C04F79EFBC}") = "Oculus.VR", "Oculus.VR.csproj", "{B6B61063-FE49-13C7-B751-A35CAE2E2915}"
EndProject
Project("{FAE04EC0-301F-11D3-BF4B-00C04F79EFBC}") = "Oculus.Interaction", "Oculus.Interaction.csproj", "{A3847F5A-00B6-105C-785F-D803F2DFCCAB}"
EndProject
Project("{FAE04EC0-301F-11D3-BF4B-00C04F79EFBC}") = "Meta.WitAi.Conduit", "Meta.WitAi.Conduit.csproj", "{9AD5A405-EF4B-5E1C-DE7F-5C42259A2C06}"
EndProject
Project("{FAE04EC0-301F-11D3-BF4B-00C04F79EFBC}") = "Meta.Voice.Samples.ShapesConduit", "Meta.Voice.Samples.ShapesConduit.csproj", "{2028C0C1-05D9-C58A-32F6-CA0BEEBD69A3}"
EndProject
Project("{FAE04EC0-301F-11D3-BF4B-00C04F79EFBC}") = "Meta.WitAi.Editor", "Meta.WitAi.Editor.csproj", "{86C1962F-F636-B4B1-3980-8BE993470BFD}"
EndProject
Project("{FAE04EC0-301F-11D3-BF4B-00C04F79EFBC}") = "Oculus.Platform", "Oculus.Platform.csproj", "{9BF71E44-7E22-D31F-CF1E-88C2F042ADF2}"
EndProject
Project("{FAE04EC0-301F-11D3-BF4B-00C04F79EFBC}") = "VoiceSDK.Telemetry", "VoiceSDK.Telemetry.csproj", "{73D8A6F9-4CBB-D645-22F7-1310A05E4D38}"
EndProject
Project("{FAE04EC0-301F-11D3-BF4B-00C04F79EFBC}") = "Meta.WitAi.Conduit.Editor", "Meta.WitAi.Conduit.Editor.csproj", "{365C63EE-4876-0B0B-162E-62723B71D2A3}"
EndProject
Project("{FAE04EC0-301F-11D3-BF4B-00C04F79EFBC}") = "Meta.WitAi", "Meta.WitAi.csproj", "{4A70F5F0-3107-1CFF-201E-45C8E230C6EE}"
EndProject
Project("{FAE04EC0-301F-11D3-BF4B-00C04F79EFBC}") = "Oculus.Interaction.OVR.Samples", "Oculus.Interaction.OVR.Samples.csproj", "{C83BD8E6-8BDB-6CB9-F5A6-92274D2E013D}"
EndProject
Project("{FAE04EC0-301F-11D3-BF4B-00C04F79EFBC}") = "Meta.WitAi.Lib", "Meta.WitAi.Lib.csproj", "{6BB1618E-5A4B-61ED-59AA-AB0560C95C30}"
EndProject
Project("{FAE04EC0-301F-11D3-BF4B-00C04F79EFBC}") = "Oculus.VR.Editor", "Oculus.VR.Editor.csproj", "{F3DB42E8-491F-D4C0-B1B9-4A227F1F0B72}"
EndProject
Project("{FAE04EC0-301F-11D3-BF4B-00C04F79EFBC}") = "Meta.Voice.Hub.Runtime", "Meta.Voice.Hub.Runtime.csproj", "{0C60033A-8D74-AD72-E83A-770BD6A29F17}"
EndProject
Project("{FAE04EC0-301F-11D3-BF4B-00C04F79EFBC}") = "Oculus.Interaction.OVR.Editor", "Oculus.Interaction.OVR.Editor.csproj", "{86953BCF-511C-184A-212E-D5A904A483DD}"
EndProject
Project("{FAE04EC0-301F-11D3-BF4B-00C04F79EFBC}") = "VoiceSDK.Dictation.Runtime", "VoiceSDK.Dictation.Runtime.csproj", "{535DD6E1-80D7-0547-6D99-23CE9D23E5F3}"
EndProject
Project("{FAE04EC0-301F-11D3-BF4B-00C04F79EFBC}") = "Oculus.LipSync", "Oculus.LipSync.csproj", "{8AED0BE1-6CC9-EB9D-35D0-C2377ED8E746}"
EndProject
Project("{FAE04EC0-301F-11D3-BF4B-00C04F79EFBC}") = "Oculus.Interaction.OVR", "Oculus.Interaction.OVR.csproj", "{3D918F8A-7102-8354-E39D-D7256349C12A}"
EndProject
Project("{FAE04EC0-301F-11D3-BF4B-00C04F79EFBC}") = "Meta.Voice.Hub.Editor", "Meta.Voice.Hub.Editor.csproj", "{B3895F96-534B-010C-7041-A306EDD945C2}"
EndProject
Project("{FAE04EC0-301F-11D3-BF4B-00C04F79EFBC}") = "VoiceSDK.Editor", "VoiceSDK.Editor.csproj", "{D07F36B3-FD71-E16D-56DF-E2B1AAD5D6A0}"
EndProject
Project("{FAE04EC0-301F-11D3-BF4B-00C04F79EFBC}") = "Meta.WitAI.Lib.Editor", "Meta.WitAI.Lib.Editor.csproj", "{0B39DCEF-09F0-9F10-9250-C46C83A46F59}"
EndProject
Project("{FAE04EC0-301F-11D3-BF4B-00C04F79EFBC}") = "Oculus.Spatializer.Editor", "Oculus.Spatializer.Editor.csproj", "{6A6B4348-087E-13A3-D97D-D99A3F76E788}"
EndProject
Project("{FAE04EC0-301F-11D3-BF4B-00C04F79EFBC}") = "AssistantCoreSDKRuntime", "AssistantCoreSDKRuntime.csproj", "{6BD5B424-A884-E74C-C101-5C9681A6AB88}"
EndProject
Project("{FAE04EC0-301F-11D3-BF4B-00C04F79EFBC}") = "Oculus.AudioManager", "Oculus.AudioManager.csproj", "{805AD712-8F71-C3BB-FB6B-B3629C8B8CAE}"
EndProject
Project("{FAE04EC0-301F-11D3-BF4B-00C04F79EFBC}") = "VoiceSDK.Runtime", "VoiceSDK.Runtime.csproj", "{00D7E6BF-B9A5-6120-C3A5-5D809B8638B2}"
EndProject
Project("{FAE04EC0-301F-11D3-BF4B-00C04F79EFBC}") = "Facebook.Wit.Dictation", "Facebook.Wit.Dictation.csproj", "{CF69A33F-0793-11F2-5042-648FFEB26996}"
EndProject
Project("{FAE04EC0-301F-11D3-BF4B-00C04F79EFBC}") = "Meta.Voice.Samples.BuiltInTimer", "Meta.Voice.Samples.BuiltInTimer.csproj", "{7124A0F6-95D9-4AD2-2AC4-3C1C7BD98277}"
EndProject
Project("{FAE04EC0-301F-11D3-BF4B-00C04F79EFBC}") = "Oculus.Platform.Editor", "Oculus.Platform.Editor.csproj", "{BB4BB0CA-9CB8-E24B-7C72-8641A55165A8}"
EndProject
Project("{FAE04EC0-301F-11D3-BF4B-00C04F79EFBC}") = "Meta.XR.BuildingBlocks.Editor", "Meta.XR.BuildingBlocks.Editor.csproj", "{BDA1F080-FFC2-3A9A-96AE-D41BF75946B5}"
EndProject
Project("{FAE04EC0-301F-11D3-BF4B-00C04F79EFBC}") = "Meta.Voice.Samples.TTSVoices", "Meta.Voice.Samples.TTSVoices.csproj", "{A87CDF06-BECF-A48F-AA46-D49A081EED5A}"
EndProject
Project("{FAE04EC0-301F-11D3-BF4B-00C04F79EFBC}") = "Meta.Voice.VSDKHub.Editor", "Meta.Voice.VSDKHub.Editor.csproj", "{11810F56-3BAC-CA39-36B7-4C818FBC5DD2}"
EndProject
Project("{FAE04EC0-301F-11D3-BF4B-00C04F79EFBC}") = "Meta.WitAi.TTS", "Meta.WitAi.TTS.csproj", "{80E60262-29B8-9693-E0EC-322519A29599}"
EndProject
Project("{FAE04EC0-301F-11D3-BF4B-00C04F79EFBC}") = "Oculus.AudioManager.Audio.Editor", "Oculus.AudioManager.Audio.Editor.csproj", "{73ED2EB9-FDD5-3A08-E023-B92AF967B319}"
EndProject
Project("{FAE04EC0-301F-11D3-BF4B-00C04F79EFBC}") = "Assembly-CSharp-Editor", "Assembly-CSharp-Editor.csproj", "{0B320DE4-627F-13A0-3246-3D71F89102C8}"
EndProject
Project("{FAE04EC0-301F-11D3-BF4B-00C04F79EFBC}") = "Meta.Voice.Samples.Chess", "Meta.Voice.Samples.Chess.csproj", "{149387E3-67B3-6617-4AB4-B87E3A1BAF72}"
EndProject
Project("{FAE04EC0-301F-11D3-BF4B-00C04F79EFBC}") = "Oculus.VR.Scripts.Editor", "Oculus.VR.Scripts.Editor.csproj", "{6A99E2F9-D36D-463D-73B6-7B0FE2708773}"
EndProject
Project("{FAE04EC0-301F-11D3-BF4B-00C04F79EFBC}") = "Meta.Voice.Samples.LightTraits", "Meta.Voice.Samples.LightTraits.csproj", "{96D20A38-5DF1-FFBD-76BF-E72C2B981A6A}"
EndProject
Project("{FAE04EC0-301F-11D3-BF4B-00C04F79EFBC}") = "Meta.Voice.Samples.Dictation", "Meta.Voice.Samples.Dictation.csproj", "{6539B78E-0D45-D195-B6D8-9FD04F91DD95}"
EndProject
Project("{FAE04EC0-301F-11D3-BF4B-00C04F79EFBC}") = "Meta.Voice.Samples.Shapes", "Meta.Voice.Samples.Shapes.csproj", "{C22F8B5A-58FC-0934-FC03-6B9541E58ACB}"
EndProject
Project("{FAE04EC0-301F-11D3-BF4B-00C04F79EFBC}") = "Oculus.Interaction.Samples.Editor", "Oculus.Interaction.Samples.Editor.csproj", "{1E8C8DAB-8484-96EB-1407-4BE76A831C7B}"
EndProject
Project("{FAE04EC0-301F-11D3-BF4B-00C04F79EFBC}") = "Meta.WitAi.TTS.Editor", "Meta.WitAi.TTS.Editor.csproj", "{500D93D3-4977-A78C-F72A-D64FFC5BEBAE}"
EndProject
Project("{FAE04EC0-301F-11D3-BF4B-00C04F79EFBC}") = "Meta.XR.BuildingBlocks", "Meta.XR.BuildingBlocks.csproj", "{1606947C-63E2-496B-2320-7AD781649210}"
EndProject
Project("{FAE04EC0-301F-11D3-BF4B-00C04F79EFBC}") = "Oculus.Spatializer", "Oculus.Spatializer.csproj", "{C4677BC5-63B1-069B-FD15-AAE8D73EB108}"
EndProject
Project("{FAE04EC0-301F-11D3-BF4B-00C04F79EFBC}") = "Oculus.LipSync.Editor", "Oculus.LipSync.Editor.csproj", "{5F5D757C-AAC8-6514-E073-AF4CDF333E7F}"
EndProject
Project("{FAE04EC0-301F-11D3-BF4B-00C04F79EFBC}") = "Oculus.AudioManager.Utils.Editor", "Oculus.AudioManager.Utils.Editor.csproj", "{B63567AA-783C-D371-1F34-718D0DA15C56}"
EndProject
Project("{FAE04EC0-301F-11D3-BF4B-00C04F79EFBC}") = "Meta.VoiceSDK.Mic.Common", "Meta.VoiceSDK.Mic.Common.csproj", "{C54169EC-9B10-9B7E-2FDE-518B7DAAE216}"
EndProject
Project("{FAE04EC0-301F-11D3-BF4B-00C04F79EFBC}") = "VoiceSDK.Dictation.Editor", "VoiceSDK.Dictation.Editor.csproj", "{76C6F104-A955-765F-46A6-D42E034AD3FF}"
EndProject
Project("{FAE04EC0-301F-11D3-BF4B-00C04F79EFBC}") = "Meta.VoiceSDK.Mic.Other", "Meta.VoiceSDK.Mic.Other.csproj", "{9A9A901B-5AC4-05A0-132B-0147EDDE4031}"
EndProject
Project("{FAE04EC0-301F-11D3-BF4B-00C04F79EFBC}") = "AssistantCoreSDKEditor", "AssistantCoreSDKEditor.csproj", "{528FFB42-9B3E-BA0D-D9BB-4BA468B0A98B}"
EndProject
Project("{FAE04EC0-301F-11D3-BF4B-00C04F79EFBC}") = "Oculus.Interaction.InterfaceSupport", "Oculus.Interaction.InterfaceSupport.csproj", "{DC48D036-470D-389C-2276-CD099CB4D00D}"
EndProject
Project("{FAE04EC0-301F-11D3-BF4B-00C04F79EFBC}") = "Meta.Voice.Samples.LiveUnderstanding", "Meta.Voice.Samples.LiveUnderstanding.csproj", "{6972CF6B-EB82-AF96-4039-8C177B3DAF4C}"
EndProject
Project("{FAE04EC0-301F-11D3-BF4B-00C04F79EFBC}") = "Facebook.Wit.Dictation.Editor", "Facebook.Wit.Dictation.Editor.csproj", "{09821EDC-EA3B-304E-C667-1836096149A7}"
EndProject
Project("{FAE04EC0-301F-11D3-BF4B-00C04F79EFBC}") = "Meta.VoiceSDK.Mic.WebGL", "Meta.VoiceSDK.Mic.WebGL.csproj", "{4D0D6A7F-6A55-6C7E-BA02-0F29531E9104}"
EndProject
Global
	GlobalSection(SolutionConfigurationPlatforms) = preSolution
		Debug|Any CPU = Debug|Any CPU
		Release|Any CPU = Release|Any CPU
	EndGlobalSection
	GlobalSection(ProjectConfigurationPlatforms) = postSolution
		{31EB22C9-2965-88A3-504F-6EA3953983E3}.Debug|Any CPU.ActiveCfg = Debug|Any CPU
		{31EB22C9-2965-88A3-504F-6EA3953983E3}.Debug|Any CPU.Build.0 = Debug|Any CPU
		{31EB22C9-2965-88A3-504F-6EA3953983E3}.Release|Any CPU.ActiveCfg = Release|Any CPU
		{31EB22C9-2965-88A3-504F-6EA3953983E3}.Release|Any CPU.Build.0 = Release|Any CPU
		{E51F214F-50E1-2939-3FED-F6C2EFCCC7CE}.Debug|Any CPU.ActiveCfg = Debug|Any CPU
		{E51F214F-50E1-2939-3FED-F6C2EFCCC7CE}.Debug|Any CPU.Build.0 = Debug|Any CPU
		{E51F214F-50E1-2939-3FED-F6C2EFCCC7CE}.Release|Any CPU.ActiveCfg = Release|Any CPU
		{E51F214F-50E1-2939-3FED-F6C2EFCCC7CE}.Release|Any CPU.Build.0 = Release|Any CPU
		{B6B61063-FE49-13C7-B751-A35CAE2E2915}.Debug|Any CPU.ActiveCfg = Debug|Any CPU
		{B6B61063-FE49-13C7-B751-A35CAE2E2915}.Debug|Any CPU.Build.0 = Debug|Any CPU
		{B6B61063-FE49-13C7-B751-A35CAE2E2915}.Release|Any CPU.ActiveCfg = Release|Any CPU
		{B6B61063-FE49-13C7-B751-A35CAE2E2915}.Release|Any CPU.Build.0 = Release|Any CPU
		{A3847F5A-00B6-105C-785F-D803F2DFCCAB}.Debug|Any CPU.ActiveCfg = Debug|Any CPU
		{A3847F5A-00B6-105C-785F-D803F2DFCCAB}.Debug|Any CPU.Build.0 = Debug|Any CPU
		{A3847F5A-00B6-105C-785F-D803F2DFCCAB}.Release|Any CPU.ActiveCfg = Release|Any CPU
		{A3847F5A-00B6-105C-785F-D803F2DFCCAB}.Release|Any CPU.Build.0 = Release|Any CPU
		{9AD5A405-EF4B-5E1C-DE7F-5C42259A2C06}.Debug|Any CPU.ActiveCfg = Debug|Any CPU
		{9AD5A405-EF4B-5E1C-DE7F-5C42259A2C06}.Debug|Any CPU.Build.0 = Debug|Any CPU
		{9AD5A405-EF4B-5E1C-DE7F-5C42259A2C06}.Release|Any CPU.ActiveCfg = Release|Any CPU
		{9AD5A405-EF4B-5E1C-DE7F-5C42259A2C06}.Release|Any CPU.Build.0 = Release|Any CPU
		{2028C0C1-05D9-C58A-32F6-CA0BEEBD69A3}.Debug|Any CPU.ActiveCfg = Debug|Any CPU
		{2028C0C1-05D9-C58A-32F6-CA0BEEBD69A3}.Debug|Any CPU.Build.0 = Debug|Any CPU
		{2028C0C1-05D9-C58A-32F6-CA0BEEBD69A3}.Release|Any CPU.ActiveCfg = Release|Any CPU
		{2028C0C1-05D9-C58A-32F6-CA0BEEBD69A3}.Release|Any CPU.Build.0 = Release|Any CPU
		{86C1962F-F636-B4B1-3980-8BE993470BFD}.Debug|Any CPU.ActiveCfg = Debug|Any CPU
		{86C1962F-F636-B4B1-3980-8BE993470BFD}.Debug|Any CPU.Build.0 = Debug|Any CPU
		{86C1962F-F636-B4B1-3980-8BE993470BFD}.Release|Any CPU.ActiveCfg = Release|Any CPU
		{86C1962F-F636-B4B1-3980-8BE993470BFD}.Release|Any CPU.Build.0 = Release|Any CPU
		{9BF71E44-7E22-D31F-CF1E-88C2F042ADF2}.Debug|Any CPU.ActiveCfg = Debug|Any CPU
		{9BF71E44-7E22-D31F-CF1E-88C2F042ADF2}.Debug|Any CPU.Build.0 = Debug|Any CPU
		{9BF71E44-7E22-D31F-CF1E-88C2F042ADF2}.Release|Any CPU.ActiveCfg = Release|Any CPU
		{9BF71E44-7E22-D31F-CF1E-88C2F042ADF2}.Release|Any CPU.Build.0 = Release|Any CPU
		{73D8A6F9-4CBB-D645-22F7-1310A05E4D38}.Debug|Any CPU.ActiveCfg = Debug|Any CPU
		{73D8A6F9-4CBB-D645-22F7-1310A05E4D38}.Debug|Any CPU.Build.0 = Debug|Any CPU
		{73D8A6F9-4CBB-D645-22F7-1310A05E4D38}.Release|Any CPU.ActiveCfg = Release|Any CPU
		{73D8A6F9-4CBB-D645-22F7-1310A05E4D38}.Release|Any CPU.Build.0 = Release|Any CPU
		{365C63EE-4876-0B0B-162E-62723B71D2A3}.Debug|Any CPU.ActiveCfg = Debug|Any CPU
		{365C63EE-4876-0B0B-162E-62723B71D2A3}.Debug|Any CPU.Build.0 = Debug|Any CPU
		{365C63EE-4876-0B0B-162E-62723B71D2A3}.Release|Any CPU.ActiveCfg = Release|Any CPU
		{365C63EE-4876-0B0B-162E-62723B71D2A3}.Release|Any CPU.Build.0 = Release|Any CPU
		{4A70F5F0-3107-1CFF-201E-45C8E230C6EE}.Debug|Any CPU.ActiveCfg = Debug|Any CPU
		{4A70F5F0-3107-1CFF-201E-45C8E230C6EE}.Debug|Any CPU.Build.0 = Debug|Any CPU
		{4A70F5F0-3107-1CFF-201E-45C8E230C6EE}.Release|Any CPU.ActiveCfg = Release|Any CPU
		{4A70F5F0-3107-1CFF-201E-45C8E230C6EE}.Release|Any CPU.Build.0 = Release|Any CPU
		{C83BD8E6-8BDB-6CB9-F5A6-92274D2E013D}.Debug|Any CPU.ActiveCfg = Debug|Any CPU
		{C83BD8E6-8BDB-6CB9-F5A6-92274D2E013D}.Debug|Any CPU.Build.0 = Debug|Any CPU
		{C83BD8E6-8BDB-6CB9-F5A6-92274D2E013D}.Release|Any CPU.ActiveCfg = Release|Any CPU
		{C83BD8E6-8BDB-6CB9-F5A6-92274D2E013D}.Release|Any CPU.Build.0 = Release|Any CPU
		{6BB1618E-5A4B-61ED-59AA-AB0560C95C30}.Debug|Any CPU.ActiveCfg = Debug|Any CPU
		{6BB1618E-5A4B-61ED-59AA-AB0560C95C30}.Debug|Any CPU.Build.0 = Debug|Any CPU
		{6BB1618E-5A4B-61ED-59AA-AB0560C95C30}.Release|Any CPU.ActiveCfg = Release|Any CPU
		{6BB1618E-5A4B-61ED-59AA-AB0560C95C30}.Release|Any CPU.Build.0 = Release|Any CPU
		{F3DB42E8-491F-D4C0-B1B9-4A227F1F0B72}.Debug|Any CPU.ActiveCfg = Debug|Any CPU
		{F3DB42E8-491F-D4C0-B1B9-4A227F1F0B72}.Debug|Any CPU.Build.0 = Debug|Any CPU
		{F3DB42E8-491F-D4C0-B1B9-4A227F1F0B72}.Release|Any CPU.ActiveCfg = Release|Any CPU
		{F3DB42E8-491F-D4C0-B1B9-4A227F1F0B72}.Release|Any CPU.Build.0 = Release|Any CPU
		{0C60033A-8D74-AD72-E83A-770BD6A29F17}.Debug|Any CPU.ActiveCfg = Debug|Any CPU
		{0C60033A-8D74-AD72-E83A-770BD6A29F17}.Debug|Any CPU.Build.0 = Debug|Any CPU
		{0C60033A-8D74-AD72-E83A-770BD6A29F17}.Release|Any CPU.ActiveCfg = Release|Any CPU
		{0C60033A-8D74-AD72-E83A-770BD6A29F17}.Release|Any CPU.Build.0 = Release|Any CPU
		{86953BCF-511C-184A-212E-D5A904A483DD}.Debug|Any CPU.ActiveCfg = Debug|Any CPU
		{86953BCF-511C-184A-212E-D5A904A483DD}.Debug|Any CPU.Build.0 = Debug|Any CPU
		{86953BCF-511C-184A-212E-D5A904A483DD}.Release|Any CPU.ActiveCfg = Release|Any CPU
		{86953BCF-511C-184A-212E-D5A904A483DD}.Release|Any CPU.Build.0 = Release|Any CPU
		{535DD6E1-80D7-0547-6D99-23CE9D23E5F3}.Debug|Any CPU.ActiveCfg = Debug|Any CPU
		{535DD6E1-80D7-0547-6D99-23CE9D23E5F3}.Debug|Any CPU.Build.0 = Debug|Any CPU
		{535DD6E1-80D7-0547-6D99-23CE9D23E5F3}.Release|Any CPU.ActiveCfg = Release|Any CPU
		{535DD6E1-80D7-0547-6D99-23CE9D23E5F3}.Release|Any CPU.Build.0 = Release|Any CPU
		{8AED0BE1-6CC9-EB9D-35D0-C2377ED8E746}.Debug|Any CPU.ActiveCfg = Debug|Any CPU
		{8AED0BE1-6CC9-EB9D-35D0-C2377ED8E746}.Debug|Any CPU.Build.0 = Debug|Any CPU
		{8AED0BE1-6CC9-EB9D-35D0-C2377ED8E746}.Release|Any CPU.ActiveCfg = Release|Any CPU
		{8AED0BE1-6CC9-EB9D-35D0-C2377ED8E746}.Release|Any CPU.Build.0 = Release|Any CPU
		{3D918F8A-7102-8354-E39D-D7256349C12A}.Debug|Any CPU.ActiveCfg = Debug|Any CPU
		{3D918F8A-7102-8354-E39D-D7256349C12A}.Debug|Any CPU.Build.0 = Debug|Any CPU
		{3D918F8A-7102-8354-E39D-D7256349C12A}.Release|Any CPU.ActiveCfg = Release|Any CPU
		{3D918F8A-7102-8354-E39D-D7256349C12A}.Release|Any CPU.Build.0 = Release|Any CPU
		{B3895F96-534B-010C-7041-A306EDD945C2}.Debug|Any CPU.ActiveCfg = Debug|Any CPU
		{B3895F96-534B-010C-7041-A306EDD945C2}.Debug|Any CPU.Build.0 = Debug|Any CPU
		{B3895F96-534B-010C-7041-A306EDD945C2}.Release|Any CPU.ActiveCfg = Release|Any CPU
		{B3895F96-534B-010C-7041-A306EDD945C2}.Release|Any CPU.Build.0 = Release|Any CPU
		{D07F36B3-FD71-E16D-56DF-E2B1AAD5D6A0}.Debug|Any CPU.ActiveCfg = Debug|Any CPU
		{D07F36B3-FD71-E16D-56DF-E2B1AAD5D6A0}.Debug|Any CPU.Build.0 = Debug|Any CPU
		{D07F36B3-FD71-E16D-56DF-E2B1AAD5D6A0}.Release|Any CPU.ActiveCfg = Release|Any CPU
		{D07F36B3-FD71-E16D-56DF-E2B1AAD5D6A0}.Release|Any CPU.Build.0 = Release|Any CPU
		{0B39DCEF-09F0-9F10-9250-C46C83A46F59}.Debug|Any CPU.ActiveCfg = Debug|Any CPU
		{0B39DCEF-09F0-9F10-9250-C46C83A46F59}.Debug|Any CPU.Build.0 = Debug|Any CPU
		{0B39DCEF-09F0-9F10-9250-C46C83A46F59}.Release|Any CPU.ActiveCfg = Release|Any CPU
		{0B39DCEF-09F0-9F10-9250-C46C83A46F59}.Release|Any CPU.Build.0 = Release|Any CPU
		{6A6B4348-087E-13A3-D97D-D99A3F76E788}.Debug|Any CPU.ActiveCfg = Debug|Any CPU
		{6A6B4348-087E-13A3-D97D-D99A3F76E788}.Debug|Any CPU.Build.0 = Debug|Any CPU
		{6A6B4348-087E-13A3-D97D-D99A3F76E788}.Release|Any CPU.ActiveCfg = Release|Any CPU
		{6A6B4348-087E-13A3-D97D-D99A3F76E788}.Release|Any CPU.Build.0 = Release|Any CPU
		{6BD5B424-A884-E74C-C101-5C9681A6AB88}.Debug|Any CPU.ActiveCfg = Debug|Any CPU
		{6BD5B424-A884-E74C-C101-5C9681A6AB88}.Debug|Any CPU.Build.0 = Debug|Any CPU
		{6BD5B424-A884-E74C-C101-5C9681A6AB88}.Release|Any CPU.ActiveCfg = Release|Any CPU
		{6BD5B424-A884-E74C-C101-5C9681A6AB88}.Release|Any CPU.Build.0 = Release|Any CPU
		{805AD712-8F71-C3BB-FB6B-B3629C8B8CAE}.Debug|Any CPU.ActiveCfg = Debug|Any CPU
		{805AD712-8F71-C3BB-FB6B-B3629C8B8CAE}.Debug|Any CPU.Build.0 = Debug|Any CPU
		{805AD712-8F71-C3BB-FB6B-B3629C8B8CAE}.Release|Any CPU.ActiveCfg = Release|Any CPU
		{805AD712-8F71-C3BB-FB6B-B3629C8B8CAE}.Release|Any CPU.Build.0 = Release|Any CPU
		{00D7E6BF-B9A5-6120-C3A5-5D809B8638B2}.Debug|Any CPU.ActiveCfg = Debug|Any CPU
		{00D7E6BF-B9A5-6120-C3A5-5D809B8638B2}.Debug|Any CPU.Build.0 = Debug|Any CPU
		{00D7E6BF-B9A5-6120-C3A5-5D809B8638B2}.Release|Any CPU.ActiveCfg = Release|Any CPU
		{00D7E6BF-B9A5-6120-C3A5-5D809B8638B2}.Release|Any CPU.Build.0 = Release|Any CPU
		{CF69A33F-0793-11F2-5042-648FFEB26996}.Debug|Any CPU.ActiveCfg = Debug|Any CPU
		{CF69A33F-0793-11F2-5042-648FFEB26996}.Debug|Any CPU.Build.0 = Debug|Any CPU
		{CF69A33F-0793-11F2-5042-648FFEB26996}.Release|Any CPU.ActiveCfg = Release|Any CPU
		{CF69A33F-0793-11F2-5042-648FFEB26996}.Release|Any CPU.Build.0 = Release|Any CPU
		{7124A0F6-95D9-4AD2-2AC4-3C1C7BD98277}.Debug|Any CPU.ActiveCfg = Debug|Any CPU
		{7124A0F6-95D9-4AD2-2AC4-3C1C7BD98277}.Debug|Any CPU.Build.0 = Debug|Any CPU
		{7124A0F6-95D9-4AD2-2AC4-3C1C7BD98277}.Release|Any CPU.ActiveCfg = Release|Any CPU
		{7124A0F6-95D9-4AD2-2AC4-3C1C7BD98277}.Release|Any CPU.Build.0 = Release|Any CPU
		{BB4BB0CA-9CB8-E24B-7C72-8641A55165A8}.Debug|Any CPU.ActiveCfg = Debug|Any CPU
		{BB4BB0CA-9CB8-E24B-7C72-8641A55165A8}.Debug|Any CPU.Build.0 = Debug|Any CPU
		{BB4BB0CA-9CB8-E24B-7C72-8641A55165A8}.Release|Any CPU.ActiveCfg = Release|Any CPU
		{BB4BB0CA-9CB8-E24B-7C72-8641A55165A8}.Release|Any CPU.Build.0 = Release|Any CPU
		{BDA1F080-FFC2-3A9A-96AE-D41BF75946B5}.Debug|Any CPU.ActiveCfg = Debug|Any CPU
		{BDA1F080-FFC2-3A9A-96AE-D41BF75946B5}.Debug|Any CPU.Build.0 = Debug|Any CPU
		{BDA1F080-FFC2-3A9A-96AE-D41BF75946B5}.Release|Any CPU.ActiveCfg = Release|Any CPU
		{BDA1F080-FFC2-3A9A-96AE-D41BF75946B5}.Release|Any CPU.Build.0 = Release|Any CPU
		{A87CDF06-BECF-A48F-AA46-D49A081EED5A}.Debug|Any CPU.ActiveCfg = Debug|Any CPU
		{A87CDF06-BECF-A48F-AA46-D49A081EED5A}.Debug|Any CPU.Build.0 = Debug|Any CPU
		{A87CDF06-BECF-A48F-AA46-D49A081EED5A}.Release|Any CPU.ActiveCfg = Release|Any CPU
		{A87CDF06-BECF-A48F-AA46-D49A081EED5A}.Release|Any CPU.Build.0 = Release|Any CPU
		{11810F56-3BAC-CA39-36B7-4C818FBC5DD2}.Debug|Any CPU.ActiveCfg = Debug|Any CPU
		{11810F56-3BAC-CA39-36B7-4C818FBC5DD2}.Debug|Any CPU.Build.0 = Debug|Any CPU
		{11810F56-3BAC-CA39-36B7-4C818FBC5DD2}.Release|Any CPU.ActiveCfg = Release|Any CPU
		{11810F56-3BAC-CA39-36B7-4C818FBC5DD2}.Release|Any CPU.Build.0 = Release|Any CPU
		{80E60262-29B8-9693-E0EC-322519A29599}.Debug|Any CPU.ActiveCfg = Debug|Any CPU
		{80E60262-29B8-9693-E0EC-322519A29599}.Debug|Any CPU.Build.0 = Debug|Any CPU
		{80E60262-29B8-9693-E0EC-322519A29599}.Release|Any CPU.ActiveCfg = Release|Any CPU
		{80E60262-29B8-9693-E0EC-322519A29599}.Release|Any CPU.Build.0 = Release|Any CPU
		{73ED2EB9-FDD5-3A08-E023-B92AF967B319}.Debug|Any CPU.ActiveCfg = Debug|Any CPU
		{73ED2EB9-FDD5-3A08-E023-B92AF967B319}.Debug|Any CPU.Build.0 = Debug|Any CPU
		{73ED2EB9-FDD5-3A08-E023-B92AF967B319}.Release|Any CPU.ActiveCfg = Release|Any CPU
		{73ED2EB9-FDD5-3A08-E023-B92AF967B319}.Release|Any CPU.Build.0 = Release|Any CPU
		{0B320DE4-627F-13A0-3246-3D71F89102C8}.Debug|Any CPU.ActiveCfg = Debug|Any CPU
		{0B320DE4-627F-13A0-3246-3D71F89102C8}.Debug|Any CPU.Build.0 = Debug|Any CPU
		{0B320DE4-627F-13A0-3246-3D71F89102C8}.Release|Any CPU.ActiveCfg = Release|Any CPU
		{0B320DE4-627F-13A0-3246-3D71F89102C8}.Release|Any CPU.Build.0 = Release|Any CPU
		{149387E3-67B3-6617-4AB4-B87E3A1BAF72}.Debug|Any CPU.ActiveCfg = Debug|Any CPU
		{149387E3-67B3-6617-4AB4-B87E3A1BAF72}.Debug|Any CPU.Build.0 = Debug|Any CPU
		{149387E3-67B3-6617-4AB4-B87E3A1BAF72}.Release|Any CPU.ActiveCfg = Release|Any CPU
		{149387E3-67B3-6617-4AB4-B87E3A1BAF72}.Release|Any CPU.Build.0 = Release|Any CPU
		{6A99E2F9-D36D-463D-73B6-7B0FE2708773}.Debug|Any CPU.ActiveCfg = Debug|Any CPU
		{6A99E2F9-D36D-463D-73B6-7B0FE2708773}.Debug|Any CPU.Build.0 = Debug|Any CPU
		{6A99E2F9-D36D-463D-73B6-7B0FE2708773}.Release|Any CPU.ActiveCfg = Release|Any CPU
		{6A99E2F9-D36D-463D-73B6-7B0FE2708773}.Release|Any CPU.Build.0 = Release|Any CPU
		{96D20A38-5DF1-FFBD-76BF-E72C2B981A6A}.Debug|Any CPU.ActiveCfg = Debug|Any CPU
		{96D20A38-5DF1-FFBD-76BF-E72C2B981A6A}.Debug|Any CPU.Build.0 = Debug|Any CPU
		{96D20A38-5DF1-FFBD-76BF-E72C2B981A6A}.Release|Any CPU.ActiveCfg = Release|Any CPU
		{96D20A38-5DF1-FFBD-76BF-E72C2B981A6A}.Release|Any CPU.Build.0 = Release|Any CPU
		{6539B78E-0D45-D195-B6D8-9FD04F91DD95}.Debug|Any CPU.ActiveCfg = Debug|Any CPU
		{6539B78E-0D45-D195-B6D8-9FD04F91DD95}.Debug|Any CPU.Build.0 = Debug|Any CPU
		{6539B78E-0D45-D195-B6D8-9FD04F91DD95}.Release|Any CPU.ActiveCfg = Release|Any CPU
		{6539B78E-0D45-D195-B6D8-9FD04F91DD95}.Release|Any CPU.Build.0 = Release|Any CPU
		{C22F8B5A-58FC-0934-FC03-6B9541E58ACB}.Debug|Any CPU.ActiveCfg = Debug|Any CPU
		{C22F8B5A-58FC-0934-FC03-6B9541E58ACB}.Debug|Any CPU.Build.0 = Debug|Any CPU
		{C22F8B5A-58FC-0934-FC03-6B9541E58ACB}.Release|Any CPU.ActiveCfg = Release|Any CPU
		{C22F8B5A-58FC-0934-FC03-6B9541E58ACB}.Release|Any CPU.Build.0 = Release|Any CPU
		{1E8C8DAB-8484-96EB-1407-4BE76A831C7B}.Debug|Any CPU.ActiveCfg = Debug|Any CPU
		{1E8C8DAB-8484-96EB-1407-4BE76A831C7B}.Debug|Any CPU.Build.0 = Debug|Any CPU
		{1E8C8DAB-8484-96EB-1407-4BE76A831C7B}.Release|Any CPU.ActiveCfg = Release|Any CPU
		{1E8C8DAB-8484-96EB-1407-4BE76A831C7B}.Release|Any CPU.Build.0 = Release|Any CPU
		{500D93D3-4977-A78C-F72A-D64FFC5BEBAE}.Debug|Any CPU.ActiveCfg = Debug|Any CPU
		{500D93D3-4977-A78C-F72A-D64FFC5BEBAE}.Debug|Any CPU.Build.0 = Debug|Any CPU
		{500D93D3-4977-A78C-F72A-D64FFC5BEBAE}.Release|Any CPU.ActiveCfg = Release|Any CPU
		{500D93D3-4977-A78C-F72A-D64FFC5BEBAE}.Release|Any CPU.Build.0 = Release|Any CPU
		{1606947C-63E2-496B-2320-7AD781649210}.Debug|Any CPU.ActiveCfg = Debug|Any CPU
		{1606947C-63E2-496B-2320-7AD781649210}.Debug|Any CPU.Build.0 = Debug|Any CPU
		{1606947C-63E2-496B-2320-7AD781649210}.Release|Any CPU.ActiveCfg = Release|Any CPU
		{1606947C-63E2-496B-2320-7AD781649210}.Release|Any CPU.Build.0 = Release|Any CPU
		{C4677BC5-63B1-069B-FD15-AAE8D73EB108}.Debug|Any CPU.ActiveCfg = Debug|Any CPU
		{C4677BC5-63B1-069B-FD15-AAE8D73EB108}.Debug|Any CPU.Build.0 = Debug|Any CPU
		{C4677BC5-63B1-069B-FD15-AAE8D73EB108}.Release|Any CPU.ActiveCfg = Release|Any CPU
		{C4677BC5-63B1-069B-FD15-AAE8D73EB108}.Release|Any CPU.Build.0 = Release|Any CPU
		{5F5D757C-AAC8-6514-E073-AF4CDF333E7F}.Debug|Any CPU.ActiveCfg = Debug|Any CPU
		{5F5D757C-AAC8-6514-E073-AF4CDF333E7F}.Debug|Any CPU.Build.0 = Debug|Any CPU
		{5F5D757C-AAC8-6514-E073-AF4CDF333E7F}.Release|Any CPU.ActiveCfg = Release|Any CPU
		{5F5D757C-AAC8-6514-E073-AF4CDF333E7F}.Release|Any CPU.Build.0 = Release|Any CPU
		{B63567AA-783C-D371-1F34-718D0DA15C56}.Debug|Any CPU.ActiveCfg = Debug|Any CPU
		{B63567AA-783C-D371-1F34-718D0DA15C56}.Debug|Any CPU.Build.0 = Debug|Any CPU
		{B63567AA-783C-D371-1F34-718D0DA15C56}.Release|Any CPU.ActiveCfg = Release|Any CPU
		{B63567AA-783C-D371-1F34-718D0DA15C56}.Release|Any CPU.Build.0 = Release|Any CPU
		{C54169EC-9B10-9B7E-2FDE-518B7DAAE216}.Debug|Any CPU.ActiveCfg = Debug|Any CPU
		{C54169EC-9B10-9B7E-2FDE-518B7DAAE216}.Debug|Any CPU.Build.0 = Debug|Any CPU
		{C54169EC-9B10-9B7E-2FDE-518B7DAAE216}.Release|Any CPU.ActiveCfg = Release|Any CPU
		{C54169EC-9B10-9B7E-2FDE-518B7DAAE216}.Release|Any CPU.Build.0 = Release|Any CPU
		{76C6F104-A955-765F-46A6-D42E034AD3FF}.Debug|Any CPU.ActiveCfg = Debug|Any CPU
		{76C6F104-A955-765F-46A6-D42E034AD3FF}.Debug|Any CPU.Build.0 = Debug|Any CPU
		{76C6F104-A955-765F-46A6-D42E034AD3FF}.Release|Any CPU.ActiveCfg = Release|Any CPU
		{76C6F104-A955-765F-46A6-D42E034AD3FF}.Release|Any CPU.Build.0 = Release|Any CPU
		{9A9A901B-5AC4-05A0-132B-0147EDDE4031}.Debug|Any CPU.ActiveCfg = Debug|Any CPU
		{9A9A901B-5AC4-05A0-132B-0147EDDE4031}.Debug|Any CPU.Build.0 = Debug|Any CPU
		{9A9A901B-5AC4-05A0-132B-0147EDDE4031}.Release|Any CPU.ActiveCfg = Release|Any CPU
		{9A9A901B-5AC4-05A0-132B-0147EDDE4031}.Release|Any CPU.Build.0 = Release|Any CPU
		{528FFB42-9B3E-BA0D-D9BB-4BA468B0A98B}.Debug|Any CPU.ActiveCfg = Debug|Any CPU
		{528FFB42-9B3E-BA0D-D9BB-4BA468B0A98B}.Debug|Any CPU.Build.0 = Debug|Any CPU
		{528FFB42-9B3E-BA0D-D9BB-4BA468B0A98B}.Release|Any CPU.ActiveCfg = Release|Any CPU
		{528FFB42-9B3E-BA0D-D9BB-4BA468B0A98B}.Release|Any CPU.Build.0 = Release|Any CPU
		{DC48D036-470D-389C-2276-CD099CB4D00D}.Debug|Any CPU.ActiveCfg = Debug|Any CPU
		{DC48D036-470D-389C-2276-CD099CB4D00D}.Debug|Any CPU.Build.0 = Debug|Any CPU
		{DC48D036-470D-389C-2276-CD099CB4D00D}.Release|Any CPU.ActiveCfg = Release|Any CPU
		{DC48D036-470D-389C-2276-CD099CB4D00D}.Release|Any CPU.Build.0 = Release|Any CPU
		{6972CF6B-EB82-AF96-4039-8C177B3DAF4C}.Debug|Any CPU.ActiveCfg = Debug|Any CPU
		{6972CF6B-EB82-AF96-4039-8C177B3DAF4C}.Debug|Any CPU.Build.0 = Debug|Any CPU
		{6972CF6B-EB82-AF96-4039-8C177B3DAF4C}.Release|Any CPU.ActiveCfg = Release|Any CPU
		{6972CF6B-EB82-AF96-4039-8C177B3DAF4C}.Release|Any CPU.Build.0 = Release|Any CPU
		{09821EDC-EA3B-304E-C667-1836096149A7}.Debug|Any CPU.ActiveCfg = Debug|Any CPU
		{09821EDC-EA3B-304E-C667-1836096149A7}.Debug|Any CPU.Build.0 = Debug|Any CPU
		{09821EDC-EA3B-304E-C667-1836096149A7}.Release|Any CPU.ActiveCfg = Release|Any CPU
		{09821EDC-EA3B-304E-C667-1836096149A7}.Release|Any CPU.Build.0 = Release|Any CPU
		{4D0D6A7F-6A55-6C7E-BA02-0F29531E9104}.Debug|Any CPU.ActiveCfg = Debug|Any CPU
		{4D0D6A7F-6A55-6C7E-BA02-0F29531E9104}.Debug|Any CPU.Build.0 = Debug|Any CPU
		{4D0D6A7F-6A55-6C7E-BA02-0F29531E9104}.Release|Any CPU.ActiveCfg = Release|Any CPU
		{4D0D6A7F-6A55-6C7E-BA02-0F29531E9104}.Release|Any CPU.Build.0 = Release|Any CPU
	EndGlobalSection
	GlobalSection(SolutionProperties) = preSolution
		HideSolutionNode = FALSE
	EndGlobalSection
EndGlobal
